// !$*UTF8*$!
{
	archiveVersion = 1;
	classes = {
	};
	objectVersion = 56;
	objects = {

/* Begin PBXBuildFile section */
		33D0DC342B46BA16008A087E /* main.cpp in Sources */ = {isa = PBXBuildFile; fileRef = 33D0DC332B46BA16008A087E /* main.cpp */; };
		33D0DC3F2B46BB77008A087E /* main.cpp in Sources */ = {isa = PBXBuildFile; fileRef = 33D0DC3E2B46BB77008A087E /* main.cpp */; };
		33D0DC4A2B46BD22008A087E /* main.cpp in Sources */ = {isa = PBXBuildFile; fileRef = 33D0DC492B46BD22008A087E /* main.cpp */; };
		33D0DC552B46BE76008A087E /* main.cpp in Sources */ = {isa = PBXBuildFile; fileRef = 33D0DC542B46BE76008A087E /* main.cpp */; };
		33D0DC602B46BF43008A087E /* main.cpp in Sources */ = {isa = PBXBuildFile; fileRef = 33D0DC5F2B46BF43008A087E /* main.cpp */; };
		33D0DC6B2B46C06A008A087E /* main.cpp in Sources */ = {isa = PBXBuildFile; fileRef = 33D0DC6A2B46C06A008A087E /* main.cpp */; };
		33D0DC762B46C1E7008A087E /* main.cpp in Sources */ = {isa = PBXBuildFile; fileRef = 33D0DC752B46C1E7008A087E /* main.cpp */; };
		33D0DC812B46C2B7008A087E /* main.cpp in Sources */ = {isa = PBXBuildFile; fileRef = 33D0DC802B46C2B7008A087E /* main.cpp */; };
/* End PBXBuildFile section */

/* Begin PBXCopyFilesBuildPhase section */
		33D0DC2F2B46BA16008A087E /* CopyFiles */ = {
			isa = PBXCopyFilesBuildPhase;
			buildActionMask = 2147483647;
			dstPath = /usr/share/man/man1/;
			dstSubfolderSpec = 0;
			files = (
			);
			runOnlyForDeploymentPostprocessing = 1;
		};
		33D0DC3A2B46BB77008A087E /* CopyFiles */ = {
			isa = PBXCopyFilesBuildPhase;
			buildActionMask = 2147483647;
			dstPath = /usr/share/man/man1/;
			dstSubfolderSpec = 0;
			files = (
			);
			runOnlyForDeploymentPostprocessing = 1;
		};
		33D0DC452B46BD22008A087E /* CopyFiles */ = {
			isa = PBXCopyFilesBuildPhase;
			buildActionMask = 2147483647;
			dstPath = /usr/share/man/man1/;
			dstSubfolderSpec = 0;
			files = (
			);
			runOnlyForDeploymentPostprocessing = 1;
		};
		33D0DC502B46BE76008A087E /* CopyFiles */ = {
			isa = PBXCopyFilesBuildPhase;
			buildActionMask = 2147483647;
			dstPath = /usr/share/man/man1/;
			dstSubfolderSpec = 0;
			files = (
			);
			runOnlyForDeploymentPostprocessing = 1;
		};
		33D0DC5B2B46BF43008A087E /* CopyFiles */ = {
			isa = PBXCopyFilesBuildPhase;
			buildActionMask = 2147483647;
			dstPath = /usr/share/man/man1/;
			dstSubfolderSpec = 0;
			files = (
			);
			runOnlyForDeploymentPostprocessing = 1;
		};
		33D0DC662B46C06A008A087E /* CopyFiles */ = {
			isa = PBXCopyFilesBuildPhase;
			buildActionMask = 2147483647;
			dstPath = /usr/share/man/man1/;
			dstSubfolderSpec = 0;
			files = (
			);
			runOnlyForDeploymentPostprocessing = 1;
		};
		33D0DC712B46C1E7008A087E /* CopyFiles */ = {
			isa = PBXCopyFilesBuildPhase;
			buildActionMask = 2147483647;
			dstPath = /usr/share/man/man1/;
			dstSubfolderSpec = 0;
			files = (
			);
			runOnlyForDeploymentPostprocessing = 1;
		};
		33D0DC7C2B46C2B7008A087E /* CopyFiles */ = {
			isa = PBXCopyFilesBuildPhase;
			buildActionMask = 2147483647;
			dstPath = /usr/share/man/man1/;
			dstSubfolderSpec = 0;
			files = (
			);
			runOnlyForDeploymentPostprocessing = 1;
		};
/* End PBXCopyFilesBuildPhase section */

/* Begin PBXFileReference section */
		33D0DC312B46BA16008A087E /* 03_2739 */ = {isa = PBXFileReference; explicitFileType = "compiled.mach-o.executable"; includeInIndex = 0; path = 03_2739; sourceTree = BUILT_PRODUCTS_DIR; };
		33D0DC332B46BA16008A087E /* main.cpp */ = {isa = PBXFileReference; lastKnownFileType = sourcecode.cpp.cpp; path = main.cpp; sourceTree = "<group>"; };
		33D0DC3C2B46BB77008A087E /* 03_10950 */ = {isa = PBXFileReference; explicitFileType = "compiled.mach-o.executable"; includeInIndex = 0; path = 03_10950; sourceTree = BUILT_PRODUCTS_DIR; };
		33D0DC3E2B46BB77008A087E /* main.cpp */ = {isa = PBXFileReference; lastKnownFileType = sourcecode.cpp.cpp; path = main.cpp; sourceTree = "<group>"; };
		33D0DC472B46BD22008A087E /* 03_8393 */ = {isa = PBXFileReference; explicitFileType = "compiled.mach-o.executable"; includeInIndex = 0; path = 03_8393; sourceTree = BUILT_PRODUCTS_DIR; };
		33D0DC492B46BD22008A087E /* main.cpp */ = {isa = PBXFileReference; lastKnownFileType = sourcecode.cpp.cpp; path = main.cpp; sourceTree = "<group>"; };
		33D0DC522B46BE76008A087E /* 03_25304 */ = {isa = PBXFileReference; explicitFileType = "compiled.mach-o.executable"; includeInIndex = 0; path = 03_25304; sourceTree = BUILT_PRODUCTS_DIR; };
		33D0DC542B46BE76008A087E /* main.cpp */ = {isa = PBXFileReference; lastKnownFileType = sourcecode.cpp.cpp; path = main.cpp; sourceTree = "<group>"; };
		33D0DC5D2B46BF43008A087E /* 03_25314 */ = {isa = PBXFileReference; explicitFileType = "compiled.mach-o.executable"; includeInIndex = 0; path = 03_25314; sourceTree = BUILT_PRODUCTS_DIR; };
		33D0DC5F2B46BF43008A087E /* main.cpp */ = {isa = PBXFileReference; lastKnownFileType = sourcecode.cpp.cpp; path = main.cpp; sourceTree = "<group>"; };
		33D0DC682B46C06A008A087E /* 03_15552 */ = {isa = PBXFileReference; explicitFileType = "compiled.mach-o.executable"; includeInIndex = 0; path = 03_15552; sourceTree = BUILT_PRODUCTS_DIR; };
		33D0DC6A2B46C06A008A087E /* main.cpp */ = {isa = PBXFileReference; lastKnownFileType = sourcecode.cpp.cpp; path = main.cpp; sourceTree = "<group>"; };
		33D0DC732B46C1E7008A087E /* 03_11021 */ = {isa = PBXFileReference; explicitFileType = "compiled.mach-o.executable"; includeInIndex = 0; path = 03_11021; sourceTree = BUILT_PRODUCTS_DIR; };
		33D0DC752B46C1E7008A087E /* main.cpp */ = {isa = PBXFileReference; lastKnownFileType = sourcecode.cpp.cpp; path = main.cpp; sourceTree = "<group>"; };
		33D0DC7E2B46C2B7008A087E /* 03_11022 */ = {isa = PBXFileReference; explicitFileType = "compiled.mach-o.executable"; includeInIndex = 0; path = 03_11022; sourceTree = BUILT_PRODUCTS_DIR; };
		33D0DC802B46C2B7008A087E /* main.cpp */ = {isa = PBXFileReference; lastKnownFileType = sourcecode.cpp.cpp; path = main.cpp; sourceTree = "<group>"; };
/* End PBXFileReference section */

/* Begin PBXFrameworksBuildPhase section */
		33D0DC2E2B46BA16008A087E /* Frameworks */ = {
			isa = PBXFrameworksBuildPhase;
			buildActionMask = 2147483647;
			files = (
			);
			runOnlyForDeploymentPostprocessing = 0;
		};
		33D0DC392B46BB77008A087E /* Frameworks */ = {
			isa = PBXFrameworksBuildPhase;
			buildActionMask = 2147483647;
			files = (
			);
			runOnlyForDeploymentPostprocessing = 0;
		};
		33D0DC442B46BD22008A087E /* Frameworks */ = {
			isa = PBXFrameworksBuildPhase;
			buildActionMask = 2147483647;
			files = (
			);
			runOnlyForDeploymentPostprocessing = 0;
		};
		33D0DC4F2B46BE76008A087E /* Frameworks */ = {
			isa = PBXFrameworksBuildPhase;
			buildActionMask = 2147483647;
			files = (
			);
			runOnlyForDeploymentPostprocessing = 0;
		};
		33D0DC5A2B46BF43008A087E /* Frameworks */ = {
			isa = PBXFrameworksBuildPhase;
			buildActionMask = 2147483647;
			files = (
			);
			runOnlyForDeploymentPostprocessing = 0;
		};
		33D0DC652B46C06A008A087E /* Frameworks */ = {
			isa = PBXFrameworksBuildPhase;
			buildActionMask = 2147483647;
			files = (
			);
			runOnlyForDeploymentPostprocessing = 0;
		};
		33D0DC702B46C1E7008A087E /* Frameworks */ = {
			isa = PBXFrameworksBuildPhase;
			buildActionMask = 2147483647;
			files = (
			);
			runOnlyForDeploymentPostprocessing = 0;
		};
		33D0DC7B2B46C2B7008A087E /* Frameworks */ = {
			isa = PBXFrameworksBuildPhase;
			buildActionMask = 2147483647;
			files = (
			);
			runOnlyForDeploymentPostprocessing = 0;
		};
/* End PBXFrameworksBuildPhase section */

/* Begin PBXGroup section */
		33D0DC1A2B46BA06008A087E = {
			isa = PBXGroup;
			children = (
				33D0DC322B46BA16008A087E /* 03_2739 */,
				33D0DC3D2B46BB77008A087E /* 03_10950 */,
				33D0DC482B46BD22008A087E /* 03_8393 */,
				33D0DC532B46BE76008A087E /* 03_25304 */,
				33D0DC5E2B46BF43008A087E /* 03_25314 */,
				33D0DC692B46C06A008A087E /* 03_15552 */,
				33D0DC742B46C1E7008A087E /* 03_11021 */,
				33D0DC7F2B46C2B7008A087E /* 03_11022 */,
				33D0DC242B46BA06008A087E /* Products */,
			);
			sourceTree = "<group>";
		};
		33D0DC242B46BA06008A087E /* Products */ = {
			isa = PBXGroup;
			children = (
				33D0DC312B46BA16008A087E /* 03_2739 */,
				33D0DC3C2B46BB77008A087E /* 03_10950 */,
				33D0DC472B46BD22008A087E /* 03_8393 */,
				33D0DC522B46BE76008A087E /* 03_25304 */,
				33D0DC5D2B46BF43008A087E /* 03_25314 */,
				33D0DC682B46C06A008A087E /* 03_15552 */,
				33D0DC732B46C1E7008A087E /* 03_11021 */,
				33D0DC7E2B46C2B7008A087E /* 03_11022 */,
			);
			name = Products;
			sourceTree = "<group>";
		};
		33D0DC322B46BA16008A087E /* 03_2739 */ = {
			isa = PBXGroup;
			children = (
				33D0DC332B46BA16008A087E /* main.cpp */,
			);
			path = 03_2739;
			sourceTree = "<group>";
		};
		33D0DC3D2B46BB77008A087E /* 03_10950 */ = {
			isa = PBXGroup;
			children = (
				33D0DC3E2B46BB77008A087E /* main.cpp */,
			);
			path = 03_10950;
			sourceTree = "<group>";
		};
		33D0DC482B46BD22008A087E /* 03_8393 */ = {
			isa = PBXGroup;
			children = (
				33D0DC492B46BD22008A087E /* main.cpp */,
			);
			path = 03_8393;
			sourceTree = "<group>";
		};
		33D0DC532B46BE76008A087E /* 03_25304 */ = {
			isa = PBXGroup;
			children = (
				33D0DC542B46BE76008A087E /* main.cpp */,
			);
			path = 03_25304;
			sourceTree = "<group>";
		};
		33D0DC5E2B46BF43008A087E /* 03_25314 */ = {
			isa = PBXGroup;
			children = (
				33D0DC5F2B46BF43008A087E /* main.cpp */,
			);
			path = 03_25314;
			sourceTree = "<group>";
		};
		33D0DC692B46C06A008A087E /* 03_15552 */ = {
			isa = PBXGroup;
			children = (
				33D0DC6A2B46C06A008A087E /* main.cpp */,
			);
			path = 03_15552;
			sourceTree = "<group>";
		};
		33D0DC742B46C1E7008A087E /* 03_11021 */ = {
			isa = PBXGroup;
			children = (
				33D0DC752B46C1E7008A087E /* main.cpp */,
			);
			path = 03_11021;
			sourceTree = "<group>";
		};
		33D0DC7F2B46C2B7008A087E /* 03_11022 */ = {
			isa = PBXGroup;
			children = (
				33D0DC802B46C2B7008A087E /* main.cpp */,
			);
			path = 03_11022;
			sourceTree = "<group>";
		};
/* End PBXGroup section */

/* Begin PBXNativeTarget section */
		33D0DC302B46BA16008A087E /* 03_2739 */ = {
			isa = PBXNativeTarget;
			buildConfigurationList = 33D0DC352B46BA16008A087E /* Build configuration list for PBXNativeTarget "03_2739" */;
			buildPhases = (
				33D0DC2D2B46BA16008A087E /* Sources */,
				33D0DC2E2B46BA16008A087E /* Frameworks */,
				33D0DC2F2B46BA16008A087E /* CopyFiles */,
			);
			buildRules = (
			);
			dependencies = (
			);
			name = 03_2739;
			productName = 03_2739;
			productReference = 33D0DC312B46BA16008A087E /* 03_2739 */;
			productType = "com.apple.product-type.tool";
		};
		33D0DC3B2B46BB77008A087E /* 03_10950 */ = {
			isa = PBXNativeTarget;
			buildConfigurationList = 33D0DC402B46BB77008A087E /* Build configuration list for PBXNativeTarget "03_10950" */;
			buildPhases = (
				33D0DC382B46BB77008A087E /* Sources */,
				33D0DC392B46BB77008A087E /* Frameworks */,
				33D0DC3A2B46BB77008A087E /* CopyFiles */,
			);
			buildRules = (
			);
			dependencies = (
			);
			name = 03_10950;
			productName = 03_10950;
			productReference = 33D0DC3C2B46BB77008A087E /* 03_10950 */;
			productType = "com.apple.product-type.tool";
		};
		33D0DC462B46BD22008A087E /* 03_8393 */ = {
			isa = PBXNativeTarget;
			buildConfigurationList = 33D0DC4B2B46BD22008A087E /* Build configuration list for PBXNativeTarget "03_8393" */;
			buildPhases = (
				33D0DC432B46BD22008A087E /* Sources */,
				33D0DC442B46BD22008A087E /* Frameworks */,
				33D0DC452B46BD22008A087E /* CopyFiles */,
			);
			buildRules = (
			);
			dependencies = (
			);
			name = 03_8393;
			productName = 03_8393;
			productReference = 33D0DC472B46BD22008A087E /* 03_8393 */;
			productType = "com.apple.product-type.tool";
		};
		33D0DC512B46BE76008A087E /* 03_25304 */ = {
			isa = PBXNativeTarget;
			buildConfigurationList = 33D0DC562B46BE76008A087E /* Build configuration list for PBXNativeTarget "03_25304" */;
			buildPhases = (
				33D0DC4E2B46BE76008A087E /* Sources */,
				33D0DC4F2B46BE76008A087E /* Frameworks */,
				33D0DC502B46BE76008A087E /* CopyFiles */,
			);
			buildRules = (
			);
			dependencies = (
			);
			name = 03_25304;
			productName = 03_25304;
			productReference = 33D0DC522B46BE76008A087E /* 03_25304 */;
			productType = "com.apple.product-type.tool";
		};
		33D0DC5C2B46BF43008A087E /* 03_25314 */ = {
			isa = PBXNativeTarget;
			buildConfigurationList = 33D0DC612B46BF43008A087E /* Build configuration list for PBXNativeTarget "03_25314" */;
			buildPhases = (
				33D0DC592B46BF43008A087E /* Sources */,
				33D0DC5A2B46BF43008A087E /* Frameworks */,
				33D0DC5B2B46BF43008A087E /* CopyFiles */,
			);
			buildRules = (
			);
			dependencies = (
			);
			name = 03_25314;
			productName = 03_25314;
			productReference = 33D0DC5D2B46BF43008A087E /* 03_25314 */;
			productType = "com.apple.product-type.tool";
		};
		33D0DC672B46C06A008A087E /* 03_15552 */ = {
			isa = PBXNativeTarget;
			buildConfigurationList = 33D0DC6C2B46C06A008A087E /* Build configuration list for PBXNativeTarget "03_15552" */;
			buildPhases = (
				33D0DC642B46C06A008A087E /* Sources */,
				33D0DC652B46C06A008A087E /* Frameworks */,
				33D0DC662B46C06A008A087E /* CopyFiles */,
			);
			buildRules = (
			);
			dependencies = (
			);
			name = 03_15552;
			productName = 03_15552;
			productReference = 33D0DC682B46C06A008A087E /* 03_15552 */;
			productType = "com.apple.product-type.tool";
		};
		33D0DC722B46C1E7008A087E /* 03_11021 */ = {
			isa = PBXNativeTarget;
			buildConfigurationList = 33D0DC772B46C1E7008A087E /* Build configuration list for PBXNativeTarget "03_11021" */;
			buildPhases = (
				33D0DC6F2B46C1E7008A087E /* Sources */,
				33D0DC702B46C1E7008A087E /* Frameworks */,
				33D0DC712B46C1E7008A087E /* CopyFiles */,
			);
			buildRules = (
			);
			dependencies = (
			);
			name = 03_11021;
			productName = 03_11021;
			productReference = 33D0DC732B46C1E7008A087E /* 03_11021 */;
			productType = "com.apple.product-type.tool";
		};
		33D0DC7D2B46C2B7008A087E /* 03_11022 */ = {
			isa = PBXNativeTarget;
			buildConfigurationList = 33D0DC822B46C2B7008A087E /* Build configuration list for PBXNativeTarget "03_11022" */;
			buildPhases = (
				33D0DC7A2B46C2B7008A087E /* Sources */,
				33D0DC7B2B46C2B7008A087E /* Frameworks */,
				33D0DC7C2B46C2B7008A087E /* CopyFiles */,
			);
			buildRules = (
			);
			dependencies = (
			);
			name = 03_11022;
			productName = 03_11022;
			productReference = 33D0DC7E2B46C2B7008A087E /* 03_11022 */;
			productType = "com.apple.product-type.tool";
		};
/* End PBXNativeTarget section */

/* Begin PBXProject section */
		33D0DC1B2B46BA06008A087E /* Project object */ = {
			isa = PBXProject;
			attributes = {
				BuildIndependentTargetsInParallel = 1;
				LastUpgradeCheck = 1510;
				TargetAttributes = {
					33D0DC302B46BA16008A087E = {
						CreatedOnToolsVersion = 15.1;
					};
					33D0DC3B2B46BB77008A087E = {
						CreatedOnToolsVersion = 15.1;
					};
					33D0DC462B46BD22008A087E = {
						CreatedOnToolsVersion = 15.1;
					};
					33D0DC512B46BE76008A087E = {
						CreatedOnToolsVersion = 15.1;
					};
					33D0DC5C2B46BF43008A087E = {
						CreatedOnToolsVersion = 15.1;
					};
					33D0DC672B46C06A008A087E = {
						CreatedOnToolsVersion = 15.1;
					};
					33D0DC722B46C1E7008A087E = {
						CreatedOnToolsVersion = 15.1;
					};
					33D0DC7D2B46C2B7008A087E = {
						CreatedOnToolsVersion = 15.1;
					};
				};
			};
			buildConfigurationList = 33D0DC1E2B46BA06008A087E /* Build configuration list for PBXProject "03_Loop" */;
			compatibilityVersion = "Xcode 14.0";
			developmentRegion = en;
			hasScannedForEncodings = 0;
			knownRegions = (
				en,
				Base,
			);
			mainGroup = 33D0DC1A2B46BA06008A087E;
			productRefGroup = 33D0DC242B46BA06008A087E /* Products */;
			projectDirPath = "";
			projectRoot = "";
			targets = (
				33D0DC302B46BA16008A087E /* 03_2739 */,
				33D0DC3B2B46BB77008A087E /* 03_10950 */,
				33D0DC462B46BD22008A087E /* 03_8393 */,
				33D0DC512B46BE76008A087E /* 03_25304 */,
				33D0DC5C2B46BF43008A087E /* 03_25314 */,
				33D0DC672B46C06A008A087E /* 03_15552 */,
				33D0DC722B46C1E7008A087E /* 03_11021 */,
				33D0DC7D2B46C2B7008A087E /* 03_11022 */,
			);
		};
/* End PBXProject section */

/* Begin PBXSourcesBuildPhase section */
		33D0DC2D2B46BA16008A087E /* Sources */ = {
			isa = PBXSourcesBuildPhase;
			buildActionMask = 2147483647;
			files = (
				33D0DC342B46BA16008A087E /* main.cpp in Sources */,
			);
			runOnlyForDeploymentPostprocessing = 0;
		};
		33D0DC382B46BB77008A087E /* Sources */ = {
			isa = PBXSourcesBuildPhase;
			buildActionMask = 2147483647;
			files = (
				33D0DC3F2B46BB77008A087E /* main.cpp in Sources */,
			);
			runOnlyForDeploymentPostprocessing = 0;
		};
		33D0DC432B46BD22008A087E /* Sources */ = {
			isa = PBXSourcesBuildPhase;
			buildActionMask = 2147483647;
			files = (
				33D0DC4A2B46BD22008A087E /* main.cpp in Sources */,
			);
			runOnlyForDeploymentPostprocessing = 0;
		};
		33D0DC4E2B46BE76008A087E /* Sources */ = {
			isa = PBXSourcesBuildPhase;
			buildActionMask = 2147483647;
			files = (
				33D0DC552B46BE76008A087E /* main.cpp in Sources */,
			);
			runOnlyForDeploymentPostprocessing = 0;
		};
		33D0DC592B46BF43008A087E /* Sources */ = {
			isa = PBXSourcesBuildPhase;
			buildActionMask = 2147483647;
			files = (
				33D0DC602B46BF43008A087E /* main.cpp in Sources */,
			);
			runOnlyForDeploymentPostprocessing = 0;
		};
		33D0DC642B46C06A008A087E /* Sources */ = {
			isa = PBXSourcesBuildPhase;
			buildActionMask = 2147483647;
			files = (
				33D0DC6B2B46C06A008A087E /* main.cpp in Sources */,
			);
			runOnlyForDeploymentPostprocessing = 0;
		};
		33D0DC6F2B46C1E7008A087E /* Sources */ = {
			isa = PBXSourcesBuildPhase;
			buildActionMask = 2147483647;
			files = (
				33D0DC762B46C1E7008A087E /* main.cpp in Sources */,
			);
			runOnlyForDeploymentPostprocessing = 0;
		};
		33D0DC7A2B46C2B7008A087E /* Sources */ = {
			isa = PBXSourcesBuildPhase;
			buildActionMask = 2147483647;
			files = (
				33D0DC812B46C2B7008A087E /* main.cpp in Sources */,
			);
			runOnlyForDeploymentPostprocessing = 0;
		};
/* End PBXSourcesBuildPhase section */

/* Begin XCBuildConfiguration section */
		33D0DC282B46BA06008A087E /* Debug */ = {
			isa = XCBuildConfiguration;
			buildSettings = {
				ALWAYS_SEARCH_USER_PATHS = NO;
				ASSETCATALOG_COMPILER_GENERATE_SWIFT_ASSET_SYMBOL_EXTENSIONS = YES;
				CLANG_ANALYZER_NONNULL = YES;
				CLANG_ANALYZER_NUMBER_OBJECT_CONVERSION = YES_AGGRESSIVE;
				CLANG_CXX_LANGUAGE_STANDARD = "gnu++20";
				CLANG_ENABLE_MODULES = YES;
				CLANG_ENABLE_OBJC_ARC = YES;
				CLANG_ENABLE_OBJC_WEAK = YES;
				CLANG_WARN_BLOCK_CAPTURE_AUTORELEASING = YES;
				CLANG_WARN_BOOL_CONVERSION = YES;
				CLANG_WARN_COMMA = YES;
				CLANG_WARN_CONSTANT_CONVERSION = YES;
				CLANG_WARN_DEPRECATED_OBJC_IMPLEMENTATIONS = YES;
				CLANG_WARN_DIRECT_OBJC_ISA_USAGE = YES_ERROR;
				CLANG_WARN_DOCUMENTATION_COMMENTS = YES;
				CLANG_WARN_EMPTY_BODY = YES;
				CLANG_WARN_ENUM_CONVERSION = YES;
				CLANG_WARN_INFINITE_RECURSION = YES;
				CLANG_WARN_INT_CONVERSION = YES;
				CLANG_WARN_NON_LITERAL_NULL_CONVERSION = YES;
				CLANG_WARN_OBJC_IMPLICIT_RETAIN_SELF = YES;
				CLANG_WARN_OBJC_LITERAL_CONVERSION = YES;
				CLANG_WARN_OBJC_ROOT_CLASS = YES_ERROR;
				CLANG_WARN_QUOTED_INCLUDE_IN_FRAMEWORK_HEADER = YES;
				CLANG_WARN_RANGE_LOOP_ANALYSIS = YES;
				CLANG_WARN_STRICT_PROTOTYPES = YES;
				CLANG_WARN_SUSPICIOUS_MOVE = YES;
				CLANG_WARN_UNGUARDED_AVAILABILITY = YES_AGGRESSIVE;
				CLANG_WARN_UNREACHABLE_CODE = YES;
				CLANG_WARN__DUPLICATE_METHOD_MATCH = YES;
				COPY_PHASE_STRIP = NO;
				DEBUG_INFORMATION_FORMAT = dwarf;
				ENABLE_STRICT_OBJC_MSGSEND = YES;
				ENABLE_TESTABILITY = YES;
				ENABLE_USER_SCRIPT_SANDBOXING = YES;
				GCC_C_LANGUAGE_STANDARD = gnu17;
				GCC_DYNAMIC_NO_PIC = NO;
				GCC_NO_COMMON_BLOCKS = YES;
				GCC_OPTIMIZATION_LEVEL = 0;
				GCC_PREPROCESSOR_DEFINITIONS = (
					"DEBUG=1",
					"$(inherited)",
				);
				GCC_WARN_64_TO_32_BIT_CONVERSION = YES;
				GCC_WARN_ABOUT_RETURN_TYPE = YES_ERROR;
				GCC_WARN_UNDECLARED_SELECTOR = YES;
				GCC_WARN_UNINITIALIZED_AUTOS = YES_AGGRESSIVE;
				GCC_WARN_UNUSED_FUNCTION = YES;
				GCC_WARN_UNUSED_VARIABLE = YES;
				LOCALIZATION_PREFERS_STRING_CATALOGS = YES;
				MACOSX_DEPLOYMENT_TARGET = 14.2;
				MTL_ENABLE_DEBUG_INFO = INCLUDE_SOURCE;
				MTL_FAST_MATH = YES;
				ONLY_ACTIVE_ARCH = YES;
				SDKROOT = macosx;
			};
			name = Debug;
		};
		33D0DC292B46BA06008A087E /* Release */ = {
			isa = XCBuildConfiguration;
			buildSettings = {
				ALWAYS_SEARCH_USER_PATHS = NO;
				ASSETCATALOG_COMPILER_GENERATE_SWIFT_ASSET_SYMBOL_EXTENSIONS = YES;
				CLANG_ANALYZER_NONNULL = YES;
				CLANG_ANALYZER_NUMBER_OBJECT_CONVERSION = YES_AGGRESSIVE;
				CLANG_CXX_LANGUAGE_STANDARD = "gnu++20";
				CLANG_ENABLE_MODULES = YES;
				CLANG_ENABLE_OBJC_ARC = YES;
				CLANG_ENABLE_OBJC_WEAK = YES;
				CLANG_WARN_BLOCK_CAPTURE_AUTORELEASING = YES;
				CLANG_WARN_BOOL_CONVERSION = YES;
				CLANG_WARN_COMMA = YES;
				CLANG_WARN_CONSTANT_CONVERSION = YES;
				CLANG_WARN_DEPRECATED_OBJC_IMPLEMENTATIONS = YES;
				CLANG_WARN_DIRECT_OBJC_ISA_USAGE = YES_ERROR;
				CLANG_WARN_DOCUMENTATION_COMMENTS = YES;
				CLANG_WARN_EMPTY_BODY = YES;
				CLANG_WARN_ENUM_CONVERSION = YES;
				CLANG_WARN_INFINITE_RECURSION = YES;
				CLANG_WARN_INT_CONVERSION = YES;
				CLANG_WARN_NON_LITERAL_NULL_CONVERSION = YES;
				CLANG_WARN_OBJC_IMPLICIT_RETAIN_SELF = YES;
				CLANG_WARN_OBJC_LITERAL_CONVERSION = YES;
				CLANG_WARN_OBJC_ROOT_CLASS = YES_ERROR;
				CLANG_WARN_QUOTED_INCLUDE_IN_FRAMEWORK_HEADER = YES;
				CLANG_WARN_RANGE_LOOP_ANALYSIS = YES;
				CLANG_WARN_STRICT_PROTOTYPES = YES;
				CLANG_WARN_SUSPICIOUS_MOVE = YES;
				CLANG_WARN_UNGUARDED_AVAILABILITY = YES_AGGRESSIVE;
				CLANG_WARN_UNREACHABLE_CODE = YES;
				CLANG_WARN__DUPLICATE_METHOD_MATCH = YES;
				COPY_PHASE_STRIP = NO;
				DEBUG_INFORMATION_FORMAT = "dwarf-with-dsym";
				ENABLE_NS_ASSERTIONS = NO;
				ENABLE_STRICT_OBJC_MSGSEND = YES;
				ENABLE_USER_SCRIPT_SANDBOXING = YES;
				GCC_C_LANGUAGE_STANDARD = gnu17;
				GCC_NO_COMMON_BLOCKS = YES;
				GCC_WARN_64_TO_32_BIT_CONVERSION = YES;
				GCC_WARN_ABOUT_RETURN_TYPE = YES_ERROR;
				GCC_WARN_UNDECLARED_SELECTOR = YES;
				GCC_WARN_UNINITIALIZED_AUTOS = YES_AGGRESSIVE;
				GCC_WARN_UNUSED_FUNCTION = YES;
				GCC_WARN_UNUSED_VARIABLE = YES;
				LOCALIZATION_PREFERS_STRING_CATALOGS = YES;
				MACOSX_DEPLOYMENT_TARGET = 14.2;
				MTL_ENABLE_DEBUG_INFO = NO;
				MTL_FAST_MATH = YES;
				SDKROOT = macosx;
			};
			name = Release;
		};
		33D0DC362B46BA16008A087E /* Debug */ = {
			isa = XCBuildConfiguration;
			buildSettings = {
				CODE_SIGN_STYLE = Automatic;
				PRODUCT_NAME = "$(TARGET_NAME)";
			};
			name = Debug;
		};
		33D0DC372B46BA16008A087E /* Release */ = {
			isa = XCBuildConfiguration;
			buildSettings = {
				CODE_SIGN_STYLE = Automatic;
				PRODUCT_NAME = "$(TARGET_NAME)";
			};
			name = Release;
		};
		33D0DC412B46BB77008A087E /* Debug */ = {
			isa = XCBuildConfiguration;
			buildSettings = {
				CODE_SIGN_STYLE = Automatic;
				PRODUCT_NAME = "$(TARGET_NAME)";
			};
			name = Debug;
		};
		33D0DC422B46BB77008A087E /* Release */ = {
			isa = XCBuildConfiguration;
			buildSettings = {
				CODE_SIGN_STYLE = Automatic;
				PRODUCT_NAME = "$(TARGET_NAME)";
			};
			name = Release;
		};
		33D0DC4C2B46BD22008A087E /* Debug */ = {
			isa = XCBuildConfiguration;
			buildSettings = {
				CODE_SIGN_STYLE = Automatic;
				PRODUCT_NAME = "$(TARGET_NAME)";
			};
			name = Debug;
		};
		33D0DC4D2B46BD22008A087E /* Release */ = {
			isa = XCBuildConfiguration;
			buildSettings = {
				CODE_SIGN_STYLE = Automatic;
				PRODUCT_NAME = "$(TARGET_NAME)";
			};
			name = Release;
		};
		33D0DC572B46BE76008A087E /* Debug */ = {
			isa = XCBuildConfiguration;
			buildSettings = {
				CODE_SIGN_STYLE = Automatic;
				PRODUCT_NAME = "$(TARGET_NAME)";
			};
			name = Debug;
		};
		33D0DC582B46BE76008A087E /* Release */ = {
			isa = XCBuildConfiguration;
			buildSettings = {
				CODE_SIGN_STYLE = Automatic;
				PRODUCT_NAME = "$(TARGET_NAME)";
			};
			name = Release;
		};
		33D0DC622B46BF43008A087E /* Debug */ = {
			isa = XCBuildConfiguration;
			buildSettings = {
				CODE_SIGN_STYLE = Automatic;
				PRODUCT_NAME = "$(TARGET_NAME)";
			};
			name = Debug;
		};
		33D0DC632B46BF43008A087E /* Release */ = {
			isa = XCBuildConfiguration;
			buildSettings = {
				CODE_SIGN_STYLE = Automatic;
				PRODUCT_NAME = "$(TARGET_NAME)";
			};
			name = Release;
		};
		33D0DC6D2B46C06A008A087E /* Debug */ = {
			isa = XCBuildConfiguration;
			buildSettings = {
				CODE_SIGN_STYLE = Automatic;
				PRODUCT_NAME = "$(TARGET_NAME)";
			};
			name = Debug;
		};
		33D0DC6E2B46C06A008A087E /* Release */ = {
			isa = XCBuildConfiguration;
			buildSettings = {
				CODE_SIGN_STYLE = Automatic;
				PRODUCT_NAME = "$(TARGET_NAME)";
			};
			name = Release;
		};
		33D0DC782B46C1E7008A087E /* Debug */ = {
			isa = XCBuildConfiguration;
			buildSettings = {
				CODE_SIGN_STYLE = Automatic;
				PRODUCT_NAME = "$(TARGET_NAME)";
			};
			name = Debug;
		};
		33D0DC792B46C1E7008A087E /* Release */ = {
			isa = XCBuildConfiguration;
			buildSettings = {
				CODE_SIGN_STYLE = Automatic;
				PRODUCT_NAME = "$(TARGET_NAME)";
			};
			name = Release;
		};
		33D0DC832B46C2B7008A087E /* Debug */ = {
			isa = XCBuildConfiguration;
			buildSettings = {
				CODE_SIGN_STYLE = Automatic;
				PRODUCT_NAME = "$(TARGET_NAME)";
			};
			name = Debug;
		};
		33D0DC842B46C2B7008A087E /* Release */ = {
			isa = XCBuildConfiguration;
			buildSettings = {
				CODE_SIGN_STYLE = Automatic;
				PRODUCT_NAME = "$(TARGET_NAME)";
			};
			name = Release;
		};
/* End XCBuildConfiguration section */

/* Begin XCConfigurationList section */
		33D0DC1E2B46BA06008A087E /* Build configuration list for PBXProject "03_Loop" */ = {
			isa = XCConfigurationList;
			buildConfigurations = (
				33D0DC282B46BA06008A087E /* Debug */,
				33D0DC292B46BA06008A087E /* Release */,
			);
			defaultConfigurationIsVisible = 0;
			defaultConfigurationName = Release;
		};
		33D0DC352B46BA16008A087E /* Build configuration list for PBXNativeTarget "03_2739" */ = {
			isa = XCConfigurationList;
			buildConfigurations = (
				33D0DC362B46BA16008A087E /* Debug */,
				33D0DC372B46BA16008A087E /* Release */,
			);
			defaultConfigurationIsVisible = 0;
			defaultConfigurationName = Release;
		};
		33D0DC402B46BB77008A087E /* Build configuration list for PBXNativeTarget "03_10950" */ = {
			isa = XCConfigurationList;
			buildConfigurations = (
				33D0DC412B46BB77008A087E /* Debug */,
				33D0DC422B46BB77008A087E /* Release */,
			);
			defaultConfigurationIsVisible = 0;
			defaultConfigurationName = Release;
		};
		33D0DC4B2B46BD22008A087E /* Build configuration list for PBXNativeTarget "03_8393" */ = {
			isa = XCConfigurationList;
			buildConfigurations = (
				33D0DC4C2B46BD22008A087E /* Debug */,
				33D0DC4D2B46BD22008A087E /* Release */,
			);
			defaultConfigurationIsVisible = 0;
			defaultConfigurationName = Release;
		};
		33D0DC562B46BE76008A087E /* Build configuration list for PBXNativeTarget "03_25304" */ = {
			isa = XCConfigurationList;
			buildConfigurations = (
				33D0DC572B46BE76008A087E /* Debug */,
				33D0DC582B46BE76008A087E /* Release */,
			);
			defaultConfigurationIsVisible = 0;
			defaultConfigurationName = Release;
		};
		33D0DC612B46BF43008A087E /* Build configuration list for PBXNativeTarget "03_25314" */ = {
			isa = XCConfigurationList;
			buildConfigurations = (
				33D0DC622B46BF43008A087E /* Debug */,
				33D0DC632B46BF43008A087E /* Release */,
			);
			defaultConfigurationIsVisible = 0;
			defaultConfigurationName = Release;
		};
		33D0DC6C2B46C06A008A087E /* Build configuration list for PBXNativeTarget "03_15552" */ = {
			isa = XCConfigurationList;
			buildConfigurations = (
				33D0DC6D2B46C06A008A087E /* Debug */,
				33D0DC6E2B46C06A008A087E /* Release */,
			);
			defaultConfigurationIsVisible = 0;
			defaultConfigurationName = Release;
		};
		33D0DC772B46C1E7008A087E /* Build configuration list for PBXNativeTarget "03_11021" */ = {
			isa = XCConfigurationList;
			buildConfigurations = (
				33D0DC782B46C1E7008A087E /* Debug */,
				33D0DC792B46C1E7008A087E /* Release */,
			);
			defaultConfigurationIsVisible = 0;
			defaultConfigurationName = Release;
		};
		33D0DC822B46C2B7008A087E /* Build configuration list for PBXNativeTarget "03_11022" */ = {
			isa = XCConfigurationList;
			buildConfigurations = (
				33D0DC832B46C2B7008A087E /* Debug */,
				33D0DC842B46C2B7008A087E /* Release */,
			);
			defaultConfigurationIsVisible = 0;
			defaultConfigurationName = Release;
		};
/* End XCConfigurationList section */
	};
	rootObject = 33D0DC1B2B46BA06008A087E /* Project object */;
}
