// !$*UTF8*$!
{
	archiveVersion = 1;
	classes = {
	};
	objectVersion = 56;
	objects = {

/* Begin PBXBuildFile section */
		33799F6E2B47BA9200A0A7C9 /* main.cpp in Sources */ = {isa = PBXBuildFile; fileRef = 33799F6D2B47BA9200A0A7C9 /* main.cpp */; };
		33799F792B47BC2000A0A7C9 /* main.cpp in Sources */ = {isa = PBXBuildFile; fileRef = 33799F782B47BC2000A0A7C9 /* main.cpp */; };
		33799F842B47BD6C00A0A7C9 /* main.cpp in Sources */ = {isa = PBXBuildFile; fileRef = 33799F832B47BD6C00A0A7C9 /* main.cpp */; };
		33799F8F2B47C4B700A0A7C9 /* main.cpp in Sources */ = {isa = PBXBuildFile; fileRef = 33799F8E2B47C4B700A0A7C9 /* main.cpp */; };
/* End PBXBuildFile section */

/* Begin PBXCopyFilesBuildPhase section */
		33799F692B47BA9200A0A7C9 /* CopyFiles */ = {
			isa = PBXCopyFilesBuildPhase;
			buildActionMask = 2147483647;
			dstPath = /usr/share/man/man1/;
			dstSubfolderSpec = 0;
			files = (
			);
			runOnlyForDeploymentPostprocessing = 1;
		};
		33799F742B47BC2000A0A7C9 /* CopyFiles */ = {
			isa = PBXCopyFilesBuildPhase;
			buildActionMask = 2147483647;
			dstPath = /usr/share/man/man1/;
			dstSubfolderSpec = 0;
			files = (
			);
			runOnlyForDeploymentPostprocessing = 1;
		};
		33799F7F2B47BD6C00A0A7C9 /* CopyFiles */ = {
			isa = PBXCopyFilesBuildPhase;
			buildActionMask = 2147483647;
			dstPath = /usr/share/man/man1/;
			dstSubfolderSpec = 0;
			files = (
			);
			runOnlyForDeploymentPostprocessing = 1;
		};
		33799F8A2B47C4B700A0A7C9 /* CopyFiles */ = {
			isa = PBXCopyFilesBuildPhase;
			buildActionMask = 2147483647;
			dstPath = /usr/share/man/man1/;
			dstSubfolderSpec = 0;
			files = (
			);
			runOnlyForDeploymentPostprocessing = 1;
		};
/* End PBXCopyFilesBuildPhase section */

/* Begin PBXFileReference section */
		33799F6B2B47BA9200A0A7C9 /* 06_25083 */ = {isa = PBXFileReference; explicitFileType = "compiled.mach-o.executable"; includeInIndex = 0; path = 06_25083; sourceTree = BUILT_PRODUCTS_DIR; };
		33799F6D2B47BA9200A0A7C9 /* main.cpp */ = {isa = PBXFileReference; lastKnownFileType = sourcecode.cpp.cpp; path = main.cpp; sourceTree = "<group>"; };
		33799F762B47BC2000A0A7C9 /* 06_3003 */ = {isa = PBXFileReference; explicitFileType = "compiled.mach-o.executable"; includeInIndex = 0; path = 06_3003; sourceTree = BUILT_PRODUCTS_DIR; };
		33799F782B47BC2000A0A7C9 /* main.cpp */ = {isa = PBXFileReference; lastKnownFileType = sourcecode.cpp.cpp; path = main.cpp; sourceTree = "<group>"; };
		33799F812B47BD6C00A0A7C9 /* 06_2444 */ = {isa = PBXFileReference; explicitFileType = "compiled.mach-o.executable"; includeInIndex = 0; path = 06_2444; sourceTree = BUILT_PRODUCTS_DIR; };
		33799F832B47BD6C00A0A7C9 /* main.cpp */ = {isa = PBXFileReference; lastKnownFileType = sourcecode.cpp.cpp; path = main.cpp; sourceTree = "<group>"; };
		33799F8C2B47C4B700A0A7C9 /* 06_10988 */ = {isa = PBXFileReference; explicitFileType = "compiled.mach-o.executable"; includeInIndex = 0; path = 06_10988; sourceTree = BUILT_PRODUCTS_DIR; };
		33799F8E2B47C4B700A0A7C9 /* main.cpp */ = {isa = PBXFileReference; lastKnownFileType = sourcecode.cpp.cpp; path = main.cpp; sourceTree = "<group>"; };
/* End PBXFileReference section */

/* Begin PBXFrameworksBuildPhase section */
		33799F682B47BA9200A0A7C9 /* Frameworks */ = {
			isa = PBXFrameworksBuildPhase;
			buildActionMask = 2147483647;
			files = (
			);
			runOnlyForDeploymentPostprocessing = 0;
		};
		33799F732B47BC2000A0A7C9 /* Frameworks */ = {
			isa = PBXFrameworksBuildPhase;
			buildActionMask = 2147483647;
			files = (
			);
			runOnlyForDeploymentPostprocessing = 0;
		};
		33799F7E2B47BD6C00A0A7C9 /* Frameworks */ = {
			isa = PBXFrameworksBuildPhase;
			buildActionMask = 2147483647;
			files = (
			);
			runOnlyForDeploymentPostprocessing = 0;
		};
		33799F892B47C4B700A0A7C9 /* Frameworks */ = {
			isa = PBXFrameworksBuildPhase;
			buildActionMask = 2147483647;
			files = (
			);
			runOnlyForDeploymentPostprocessing = 0;
		};
/* End PBXFrameworksBuildPhase section */

/* Begin PBXGroup section */
		33799F542B47BA7B00A0A7C9 = {
			isa = PBXGroup;
			children = (
				33799F6C2B47BA9200A0A7C9 /* 06_25083 */,
				33799F772B47BC2000A0A7C9 /* 06_3003 */,
				33799F822B47BD6C00A0A7C9 /* 06_2444 */,
				33799F8D2B47C4B700A0A7C9 /* 06_10988 */,
				33799F5E2B47BA7B00A0A7C9 /* Products */,
			);
			sourceTree = "<group>";
		};
		33799F5E2B47BA7B00A0A7C9 /* Products */ = {
			isa = PBXGroup;
			children = (
				33799F6B2B47BA9200A0A7C9 /* 06_25083 */,
				33799F762B47BC2000A0A7C9 /* 06_3003 */,
				33799F812B47BD6C00A0A7C9 /* 06_2444 */,
				33799F8C2B47C4B700A0A7C9 /* 06_10988 */,
			);
			name = Products;
			sourceTree = "<group>";
		};
		33799F6C2B47BA9200A0A7C9 /* 06_25083 */ = {
			isa = PBXGroup;
			children = (
				33799F6D2B47BA9200A0A7C9 /* main.cpp */,
			);
			path = 06_25083;
			sourceTree = "<group>";
		};
		33799F772B47BC2000A0A7C9 /* 06_3003 */ = {
			isa = PBXGroup;
			children = (
				33799F782B47BC2000A0A7C9 /* main.cpp */,
			);
			path = 06_3003;
			sourceTree = "<group>";
		};
		33799F822B47BD6C00A0A7C9 /* 06_2444 */ = {
			isa = PBXGroup;
			children = (
				33799F832B47BD6C00A0A7C9 /* main.cpp */,
			);
			path = 06_2444;
			sourceTree = "<group>";
		};
		33799F8D2B47C4B700A0A7C9 /* 06_10988 */ = {
			isa = PBXGroup;
			children = (
				33799F8E2B47C4B700A0A7C9 /* main.cpp */,
			);
			path = 06_10988;
			sourceTree = "<group>";
		};
/* End PBXGroup section */

/* Begin PBXNativeTarget section */
		33799F6A2B47BA9200A0A7C9 /* 06_25083 */ = {
			isa = PBXNativeTarget;
			buildConfigurationList = 33799F6F2B47BA9200A0A7C9 /* Build configuration list for PBXNativeTarget "06_25083" */;
			buildPhases = (
				33799F672B47BA9200A0A7C9 /* Sources */,
				33799F682B47BA9200A0A7C9 /* Frameworks */,
				33799F692B47BA9200A0A7C9 /* CopyFiles */,
			);
			buildRules = (
			);
			dependencies = (
			);
			name = 06_25083;
			productName = 06_25083;
			productReference = 33799F6B2B47BA9200A0A7C9 /* 06_25083 */;
			productType = "com.apple.product-type.tool";
		};
		33799F752B47BC2000A0A7C9 /* 06_3003 */ = {
			isa = PBXNativeTarget;
			buildConfigurationList = 33799F7A2B47BC2000A0A7C9 /* Build configuration list for PBXNativeTarget "06_3003" */;
			buildPhases = (
				33799F722B47BC2000A0A7C9 /* Sources */,
				33799F732B47BC2000A0A7C9 /* Frameworks */,
				33799F742B47BC2000A0A7C9 /* CopyFiles */,
			);
			buildRules = (
			);
			dependencies = (
			);
			name = 06_3003;
			productName = 06_3003;
			productReference = 33799F762B47BC2000A0A7C9 /* 06_3003 */;
			productType = "com.apple.product-type.tool";
		};
		33799F802B47BD6C00A0A7C9 /* 06_2444 */ = {
			isa = PBXNativeTarget;
			buildConfigurationList = 33799F852B47BD6C00A0A7C9 /* Build configuration list for PBXNativeTarget "06_2444" */;
			buildPhases = (
				33799F7D2B47BD6C00A0A7C9 /* Sources */,
				33799F7E2B47BD6C00A0A7C9 /* Frameworks */,
				33799F7F2B47BD6C00A0A7C9 /* CopyFiles */,
			);
			buildRules = (
			);
			dependencies = (
			);
			name = 06_2444;
			productName = 06_2444;
			productReference = 33799F812B47BD6C00A0A7C9 /* 06_2444 */;
			productType = "com.apple.product-type.tool";
		};
		33799F8B2B47C4B700A0A7C9 /* 06_10988 */ = {
			isa = PBXNativeTarget;
			buildConfigurationList = 33799F902B47C4B700A0A7C9 /* Build configuration list for PBXNativeTarget "06_10988" */;
			buildPhases = (
				33799F882B47C4B700A0A7C9 /* Sources */,
				33799F892B47C4B700A0A7C9 /* Frameworks */,
				33799F8A2B47C4B700A0A7C9 /* CopyFiles */,
			);
			buildRules = (
			);
			dependencies = (
			);
			name = 06_10988;
			productName = 06_10988;
			productReference = 33799F8C2B47C4B700A0A7C9 /* 06_10988 */;
			productType = "com.apple.product-type.tool";
		};
/* End PBXNativeTarget section */

/* Begin PBXProject section */
		33799F552B47BA7B00A0A7C9 /* Project object */ = {
			isa = PBXProject;
			attributes = {
				BuildIndependentTargetsInParallel = 1;
				LastUpgradeCheck = 1510;
				TargetAttributes = {
					33799F6A2B47BA9200A0A7C9 = {
						CreatedOnToolsVersion = 15.1;
					};
					33799F752B47BC2000A0A7C9 = {
						CreatedOnToolsVersion = 15.1;
					};
					33799F802B47BD6C00A0A7C9 = {
						CreatedOnToolsVersion = 15.1;
					};
					33799F8B2B47C4B700A0A7C9 = {
						CreatedOnToolsVersion = 15.1;
					};
				};
			};
			buildConfigurationList = 33799F582B47BA7B00A0A7C9 /* Build configuration list for PBXProject "06_Advance-1" */;
			compatibilityVersion = "Xcode 14.0";
			developmentRegion = en;
			hasScannedForEncodings = 0;
			knownRegions = (
				en,
				Base,
			);
			mainGroup = 33799F542B47BA7B00A0A7C9;
			productRefGroup = 33799F5E2B47BA7B00A0A7C9 /* Products */;
			projectDirPath = "";
			projectRoot = "";
			targets = (
				33799F6A2B47BA9200A0A7C9 /* 06_25083 */,
				33799F752B47BC2000A0A7C9 /* 06_3003 */,
				33799F802B47BD6C00A0A7C9 /* 06_2444 */,
				33799F8B2B47C4B700A0A7C9 /* 06_10988 */,
			);
		};
/* End PBXProject section */

/* Begin PBXSourcesBuildPhase section */
		33799F672B47BA9200A0A7C9 /* Sources */ = {
			isa = PBXSourcesBuildPhase;
			buildActionMask = 2147483647;
			files = (
				33799F6E2B47BA9200A0A7C9 /* main.cpp in Sources */,
			);
			runOnlyForDeploymentPostprocessing = 0;
		};
		33799F722B47BC2000A0A7C9 /* Sources */ = {
			isa = PBXSourcesBuildPhase;
			buildActionMask = 2147483647;
			files = (
				33799F792B47BC2000A0A7C9 /* main.cpp in Sources */,
			);
			runOnlyForDeploymentPostprocessing = 0;
		};
		33799F7D2B47BD6C00A0A7C9 /* Sources */ = {
			isa = PBXSourcesBuildPhase;
			buildActionMask = 2147483647;
			files = (
				33799F842B47BD6C00A0A7C9 /* main.cpp in Sources */,
			);
			runOnlyForDeploymentPostprocessing = 0;
		};
		33799F882B47C4B700A0A7C9 /* Sources */ = {
			isa = PBXSourcesBuildPhase;
			buildActionMask = 2147483647;
			files = (
				33799F8F2B47C4B700A0A7C9 /* main.cpp in Sources */,
			);
			runOnlyForDeploymentPostprocessing = 0;
		};
/* End PBXSourcesBuildPhase section */

/* Begin XCBuildConfiguration section */
		33799F622B47BA7B00A0A7C9 /* Debug */ = {
			isa = XCBuildConfiguration;
			buildSettings = {
				ALWAYS_SEARCH_USER_PATHS = NO;
				ASSETCATALOG_COMPILER_GENERATE_SWIFT_ASSET_SYMBOL_EXTENSIONS = YES;
				CLANG_ANALYZER_NONNULL = YES;
				CLANG_ANALYZER_NUMBER_OBJECT_CONVERSION = YES_AGGRESSIVE;
				CLANG_CXX_LANGUAGE_STANDARD = "gnu++20";
				CLANG_ENABLE_MODULES = YES;
				CLANG_ENABLE_OBJC_ARC = YES;
				CLANG_ENABLE_OBJC_WEAK = YES;
				CLANG_WARN_BLOCK_CAPTURE_AUTORELEASING = YES;
				CLANG_WARN_BOOL_CONVERSION = YES;
				CLANG_WARN_COMMA = YES;
				CLANG_WARN_CONSTANT_CONVERSION = YES;
				CLANG_WARN_DEPRECATED_OBJC_IMPLEMENTATIONS = YES;
				CLANG_WARN_DIRECT_OBJC_ISA_USAGE = YES_ERROR;
				CLANG_WARN_DOCUMENTATION_COMMENTS = YES;
				CLANG_WARN_EMPTY_BODY = YES;
				CLANG_WARN_ENUM_CONVERSION = YES;
				CLANG_WARN_INFINITE_RECURSION = YES;
				CLANG_WARN_INT_CONVERSION = YES;
				CLANG_WARN_NON_LITERAL_NULL_CONVERSION = YES;
				CLANG_WARN_OBJC_IMPLICIT_RETAIN_SELF = YES;
				CLANG_WARN_OBJC_LITERAL_CONVERSION = YES;
				CLANG_WARN_OBJC_ROOT_CLASS = YES_ERROR;
				CLANG_WARN_QUOTED_INCLUDE_IN_FRAMEWORK_HEADER = YES;
				CLANG_WARN_RANGE_LOOP_ANALYSIS = YES;
				CLANG_WARN_STRICT_PROTOTYPES = YES;
				CLANG_WARN_SUSPICIOUS_MOVE = YES;
				CLANG_WARN_UNGUARDED_AVAILABILITY = YES_AGGRESSIVE;
				CLANG_WARN_UNREACHABLE_CODE = YES;
				CLANG_WARN__DUPLICATE_METHOD_MATCH = YES;
				COPY_PHASE_STRIP = NO;
				DEBUG_INFORMATION_FORMAT = dwarf;
				ENABLE_STRICT_OBJC_MSGSEND = YES;
				ENABLE_TESTABILITY = YES;
				ENABLE_USER_SCRIPT_SANDBOXING = YES;
				GCC_C_LANGUAGE_STANDARD = gnu17;
				GCC_DYNAMIC_NO_PIC = NO;
				GCC_NO_COMMON_BLOCKS = YES;
				GCC_OPTIMIZATION_LEVEL = 0;
				GCC_PREPROCESSOR_DEFINITIONS = (
					"DEBUG=1",
					"$(inherited)",
				);
				GCC_WARN_64_TO_32_BIT_CONVERSION = YES;
				GCC_WARN_ABOUT_RETURN_TYPE = YES_ERROR;
				GCC_WARN_UNDECLARED_SELECTOR = YES;
				GCC_WARN_UNINITIALIZED_AUTOS = YES_AGGRESSIVE;
				GCC_WARN_UNUSED_FUNCTION = YES;
				GCC_WARN_UNUSED_VARIABLE = YES;
				LOCALIZATION_PREFERS_STRING_CATALOGS = YES;
				MACOSX_DEPLOYMENT_TARGET = 14.2;
				MTL_ENABLE_DEBUG_INFO = INCLUDE_SOURCE;
				MTL_FAST_MATH = YES;
				ONLY_ACTIVE_ARCH = YES;
				SDKROOT = macosx;
			};
			name = Debug;
		};
		33799F632B47BA7B00A0A7C9 /* Release */ = {
			isa = XCBuildConfiguration;
			buildSettings = {
				ALWAYS_SEARCH_USER_PATHS = NO;
				ASSETCATALOG_COMPILER_GENERATE_SWIFT_ASSET_SYMBOL_EXTENSIONS = YES;
				CLANG_ANALYZER_NONNULL = YES;
				CLANG_ANALYZER_NUMBER_OBJECT_CONVERSION = YES_AGGRESSIVE;
				CLANG_CXX_LANGUAGE_STANDARD = "gnu++20";
				CLANG_ENABLE_MODULES = YES;
				CLANG_ENABLE_OBJC_ARC = YES;
				CLANG_ENABLE_OBJC_WEAK = YES;
				CLANG_WARN_BLOCK_CAPTURE_AUTORELEASING = YES;
				CLANG_WARN_BOOL_CONVERSION = YES;
				CLANG_WARN_COMMA = YES;
				CLANG_WARN_CONSTANT_CONVERSION = YES;
				CLANG_WARN_DEPRECATED_OBJC_IMPLEMENTATIONS = YES;
				CLANG_WARN_DIRECT_OBJC_ISA_USAGE = YES_ERROR;
				CLANG_WARN_DOCUMENTATION_COMMENTS = YES;
				CLANG_WARN_EMPTY_BODY = YES;
				CLANG_WARN_ENUM_CONVERSION = YES;
				CLANG_WARN_INFINITE_RECURSION = YES;
				CLANG_WARN_INT_CONVERSION = YES;
				CLANG_WARN_NON_LITERAL_NULL_CONVERSION = YES;
				CLANG_WARN_OBJC_IMPLICIT_RETAIN_SELF = YES;
				CLANG_WARN_OBJC_LITERAL_CONVERSION = YES;
				CLANG_WARN_OBJC_ROOT_CLASS = YES_ERROR;
				CLANG_WARN_QUOTED_INCLUDE_IN_FRAMEWORK_HEADER = YES;
				CLANG_WARN_RANGE_LOOP_ANALYSIS = YES;
				CLANG_WARN_STRICT_PROTOTYPES = YES;
				CLANG_WARN_SUSPICIOUS_MOVE = YES;
				CLANG_WARN_UNGUARDED_AVAILABILITY = YES_AGGRESSIVE;
				CLANG_WARN_UNREACHABLE_CODE = YES;
				CLANG_WARN__DUPLICATE_METHOD_MATCH = YES;
				COPY_PHASE_STRIP = NO;
				DEBUG_INFORMATION_FORMAT = "dwarf-with-dsym";
				ENABLE_NS_ASSERTIONS = NO;
				ENABLE_STRICT_OBJC_MSGSEND = YES;
				ENABLE_USER_SCRIPT_SANDBOXING = YES;
				GCC_C_LANGUAGE_STANDARD = gnu17;
				GCC_NO_COMMON_BLOCKS = YES;
				GCC_WARN_64_TO_32_BIT_CONVERSION = YES;
				GCC_WARN_ABOUT_RETURN_TYPE = YES_ERROR;
				GCC_WARN_UNDECLARED_SELECTOR = YES;
				GCC_WARN_UNINITIALIZED_AUTOS = YES_AGGRESSIVE;
				GCC_WARN_UNUSED_FUNCTION = YES;
				GCC_WARN_UNUSED_VARIABLE = YES;
				LOCALIZATION_PREFERS_STRING_CATALOGS = YES;
				MACOSX_DEPLOYMENT_TARGET = 14.2;
				MTL_ENABLE_DEBUG_INFO = NO;
				MTL_FAST_MATH = YES;
				SDKROOT = macosx;
			};
			name = Release;
		};
		33799F702B47BA9200A0A7C9 /* Debug */ = {
			isa = XCBuildConfiguration;
			buildSettings = {
				CODE_SIGN_STYLE = Automatic;
				PRODUCT_NAME = "$(TARGET_NAME)";
			};
			name = Debug;
		};
		33799F712B47BA9200A0A7C9 /* Release */ = {
			isa = XCBuildConfiguration;
			buildSettings = {
				CODE_SIGN_STYLE = Automatic;
				PRODUCT_NAME = "$(TARGET_NAME)";
			};
			name = Release;
		};
		33799F7B2B47BC2000A0A7C9 /* Debug */ = {
			isa = XCBuildConfiguration;
			buildSettings = {
				CODE_SIGN_STYLE = Automatic;
				PRODUCT_NAME = "$(TARGET_NAME)";
			};
			name = Debug;
		};
		33799F7C2B47BC2000A0A7C9 /* Release */ = {
			isa = XCBuildConfiguration;
			buildSettings = {
				CODE_SIGN_STYLE = Automatic;
				PRODUCT_NAME = "$(TARGET_NAME)";
			};
			name = Release;
		};
		33799F862B47BD6C00A0A7C9 /* Debug */ = {
			isa = XCBuildConfiguration;
			buildSettings = {
				CODE_SIGN_STYLE = Automatic;
				PRODUCT_NAME = "$(TARGET_NAME)";
			};
			name = Debug;
		};
		33799F872B47BD6C00A0A7C9 /* Release */ = {
			isa = XCBuildConfiguration;
			buildSettings = {
				CODE_SIGN_STYLE = Automatic;
				PRODUCT_NAME = "$(TARGET_NAME)";
			};
			name = Release;
		};
		33799F912B47C4B700A0A7C9 /* Debug */ = {
			isa = XCBuildConfiguration;
			buildSettings = {
				CODE_SIGN_STYLE = Automatic;
				PRODUCT_NAME = "$(TARGET_NAME)";
			};
			name = Debug;
		};
		33799F922B47C4B700A0A7C9 /* Release */ = {
			isa = XCBuildConfiguration;
			buildSettings = {
				CODE_SIGN_STYLE = Automatic;
				PRODUCT_NAME = "$(TARGET_NAME)";
			};
			name = Release;
		};
/* End XCBuildConfiguration section */

/* Begin XCConfigurationList section */
		33799F582B47BA7B00A0A7C9 /* Build configuration list for PBXProject "06_Advance-1" */ = {
			isa = XCConfigurationList;
			buildConfigurations = (
				33799F622B47BA7B00A0A7C9 /* Debug */,
				33799F632B47BA7B00A0A7C9 /* Release */,
			);
			defaultConfigurationIsVisible = 0;
			defaultConfigurationName = Release;
		};
		33799F6F2B47BA9200A0A7C9 /* Build configuration list for PBXNativeTarget "06_25083" */ = {
			isa = XCConfigurationList;
			buildConfigurations = (
				33799F702B47BA9200A0A7C9 /* Debug */,
				33799F712B47BA9200A0A7C9 /* Release */,
			);
			defaultConfigurationIsVisible = 0;
			defaultConfigurationName = Release;
		};
		33799F7A2B47BC2000A0A7C9 /* Build configuration list for PBXNativeTarget "06_3003" */ = {
			isa = XCConfigurationList;
			buildConfigurations = (
				33799F7B2B47BC2000A0A7C9 /* Debug */,
				33799F7C2B47BC2000A0A7C9 /* Release */,
			);
			defaultConfigurationIsVisible = 0;
			defaultConfigurationName = Release;
		};
		33799F852B47BD6C00A0A7C9 /* Build configuration list for PBXNativeTarget "06_2444" */ = {
			isa = XCConfigurationList;
			buildConfigurations = (
				33799F862B47BD6C00A0A7C9 /* Debug */,
				33799F872B47BD6C00A0A7C9 /* Release */,
			);
			defaultConfigurationIsVisible = 0;
			defaultConfigurationName = Release;
		};
		33799F902B47C4B700A0A7C9 /* Build configuration list for PBXNativeTarget "06_10988" */ = {
			isa = XCConfigurationList;
			buildConfigurations = (
				33799F912B47C4B700A0A7C9 /* Debug */,
				33799F922B47C4B700A0A7C9 /* Release */,
			);
			defaultConfigurationIsVisible = 0;
			defaultConfigurationName = Release;
		};
/* End XCConfigurationList section */
	};
	rootObject = 33799F552B47BA7B00A0A7C9 /* Project object */;
}
