// !$*UTF8*$!
{
	archiveVersion = 1;
	classes = {
	};
	objectVersion = 56;
	objects = {

/* Begin PBXBuildFile section */
		330E7CC02B5A2C70006D89D2 /* main.cpp in Sources */ = {isa = PBXBuildFile; fileRef = 330E7CBF2B5A2C70006D89D2 /* main.cpp */; };
		330E7CCB2B5A2E99006D89D2 /* main.cpp in Sources */ = {isa = PBXBuildFile; fileRef = 330E7CCA2B5A2E99006D89D2 /* main.cpp */; };
		330E7CD62B5A3299006D89D2 /* main.cpp in Sources */ = {isa = PBXBuildFile; fileRef = 330E7CD52B5A3299006D89D2 /* main.cpp */; };
		335DC29C2B4AD0CF00755471 /* main.cpp in Sources */ = {isa = PBXBuildFile; fileRef = 335DC29B2B4AD0CF00755471 /* main.cpp */; };
/* End PBXBuildFile section */

/* Begin PBXCopyFilesBuildPhase section */
		330E7CBB2B5A2C70006D89D2 /* CopyFiles */ = {
			isa = PBXCopyFilesBuildPhase;
			buildActionMask = 2147483647;
			dstPath = /usr/share/man/man1/;
			dstSubfolderSpec = 0;
			files = (
			);
			runOnlyForDeploymentPostprocessing = 1;
		};
		330E7CC62B5A2E99006D89D2 /* CopyFiles */ = {
			isa = PBXCopyFilesBuildPhase;
			buildActionMask = 2147483647;
			dstPath = /usr/share/man/man1/;
			dstSubfolderSpec = 0;
			files = (
			);
			runOnlyForDeploymentPostprocessing = 1;
		};
		330E7CD12B5A3299006D89D2 /* CopyFiles */ = {
			isa = PBXCopyFilesBuildPhase;
			buildActionMask = 2147483647;
			dstPath = /usr/share/man/man1/;
			dstSubfolderSpec = 0;
			files = (
			);
			runOnlyForDeploymentPostprocessing = 1;
		};
		335DC2972B4AD0CF00755471 /* CopyFiles */ = {
			isa = PBXCopyFilesBuildPhase;
			buildActionMask = 2147483647;
			dstPath = /usr/share/man/man1/;
			dstSubfolderSpec = 0;
			files = (
			);
			runOnlyForDeploymentPostprocessing = 1;
		};
/* End PBXCopyFilesBuildPhase section */

/* Begin PBXFileReference section */
		330E7CBD2B5A2C70006D89D2 /* 10_1085 */ = {isa = PBXFileReference; explicitFileType = "compiled.mach-o.executable"; includeInIndex = 0; path = 10_1085; sourceTree = BUILT_PRODUCTS_DIR; };
		330E7CBF2B5A2C70006D89D2 /* main.cpp */ = {isa = PBXFileReference; lastKnownFileType = sourcecode.cpp.cpp; path = main.cpp; sourceTree = "<group>"; };
		330E7CC82B5A2E99006D89D2 /* 10_3009 */ = {isa = PBXFileReference; explicitFileType = "compiled.mach-o.executable"; includeInIndex = 0; path = 10_3009; sourceTree = BUILT_PRODUCTS_DIR; };
		330E7CCA2B5A2E99006D89D2 /* main.cpp */ = {isa = PBXFileReference; lastKnownFileType = sourcecode.cpp.cpp; path = main.cpp; sourceTree = "<group>"; };
		330E7CD32B5A3299006D89D2 /* 10_15894 */ = {isa = PBXFileReference; explicitFileType = "compiled.mach-o.executable"; includeInIndex = 0; path = 10_15894; sourceTree = BUILT_PRODUCTS_DIR; };
		330E7CD52B5A3299006D89D2 /* main.cpp */ = {isa = PBXFileReference; lastKnownFileType = sourcecode.cpp.cpp; path = main.cpp; sourceTree = "<group>"; };
		335DC2992B4AD0CF00755471 /* 10_27323 */ = {isa = PBXFileReference; explicitFileType = "compiled.mach-o.executable"; includeInIndex = 0; path = 10_27323; sourceTree = BUILT_PRODUCTS_DIR; };
		335DC29B2B4AD0CF00755471 /* main.cpp */ = {isa = PBXFileReference; lastKnownFileType = sourcecode.cpp.cpp; path = main.cpp; sourceTree = "<group>"; };
/* End PBXFileReference section */

/* Begin PBXFrameworksBuildPhase section */
		330E7CBA2B5A2C70006D89D2 /* Frameworks */ = {
			isa = PBXFrameworksBuildPhase;
			buildActionMask = 2147483647;
			files = (
			);
			runOnlyForDeploymentPostprocessing = 0;
		};
		330E7CC52B5A2E99006D89D2 /* Frameworks */ = {
			isa = PBXFrameworksBuildPhase;
			buildActionMask = 2147483647;
			files = (
			);
			runOnlyForDeploymentPostprocessing = 0;
		};
		330E7CD02B5A3299006D89D2 /* Frameworks */ = {
			isa = PBXFrameworksBuildPhase;
			buildActionMask = 2147483647;
			files = (
			);
			runOnlyForDeploymentPostprocessing = 0;
		};
		335DC2962B4AD0CF00755471 /* Frameworks */ = {
			isa = PBXFrameworksBuildPhase;
			buildActionMask = 2147483647;
			files = (
			);
			runOnlyForDeploymentPostprocessing = 0;
		};
/* End PBXFrameworksBuildPhase section */

/* Begin PBXGroup section */
		330E7CBE2B5A2C70006D89D2 /* 10_1085 */ = {
			isa = PBXGroup;
			children = (
				330E7CBF2B5A2C70006D89D2 /* main.cpp */,
			);
			path = 10_1085;
			sourceTree = "<group>";
		};
		330E7CC92B5A2E99006D89D2 /* 10_3009 */ = {
			isa = PBXGroup;
			children = (
				330E7CCA2B5A2E99006D89D2 /* main.cpp */,
			);
			path = 10_3009;
			sourceTree = "<group>";
		};
		330E7CD42B5A3299006D89D2 /* 10_15894 */ = {
			isa = PBXGroup;
			children = (
				330E7CD52B5A3299006D89D2 /* main.cpp */,
			);
			path = 10_15894;
			sourceTree = "<group>";
		};
		335DC2822B4AD0B100755471 = {
			isa = PBXGroup;
			children = (
				335DC29A2B4AD0CF00755471 /* 10_27323 */,
				330E7CBE2B5A2C70006D89D2 /* 10_1085 */,
				330E7CC92B5A2E99006D89D2 /* 10_3009 */,
				330E7CD42B5A3299006D89D2 /* 10_15894 */,
				335DC28C2B4AD0B100755471 /* Products */,
			);
			sourceTree = "<group>";
		};
		335DC28C2B4AD0B100755471 /* Products */ = {
			isa = PBXGroup;
			children = (
				335DC2992B4AD0CF00755471 /* 10_27323 */,
				330E7CBD2B5A2C70006D89D2 /* 10_1085 */,
				330E7CC82B5A2E99006D89D2 /* 10_3009 */,
				330E7CD32B5A3299006D89D2 /* 10_15894 */,
			);
			name = Products;
			sourceTree = "<group>";
		};
		335DC29A2B4AD0CF00755471 /* 10_27323 */ = {
			isa = PBXGroup;
			children = (
				335DC29B2B4AD0CF00755471 /* main.cpp */,
			);
			path = 10_27323;
			sourceTree = "<group>";
		};
/* End PBXGroup section */

/* Begin PBXNativeTarget section */
		330E7CBC2B5A2C70006D89D2 /* 10_1085 */ = {
			isa = PBXNativeTarget;
			buildConfigurationList = 330E7CC32B5A2C70006D89D2 /* Build configuration list for PBXNativeTarget "10_1085" */;
			buildPhases = (
				330E7CB92B5A2C70006D89D2 /* Sources */,
				330E7CBA2B5A2C70006D89D2 /* Frameworks */,
				330E7CBB2B5A2C70006D89D2 /* CopyFiles */,
			);
			buildRules = (
			);
			dependencies = (
			);
			name = 10_1085;
			productName = 10_1085;
			productReference = 330E7CBD2B5A2C70006D89D2 /* 10_1085 */;
			productType = "com.apple.product-type.tool";
		};
		330E7CC72B5A2E99006D89D2 /* 10_3009 */ = {
			isa = PBXNativeTarget;
			buildConfigurationList = 330E7CCC2B5A2E99006D89D2 /* Build configuration list for PBXNativeTarget "10_3009" */;
			buildPhases = (
				330E7CC42B5A2E99006D89D2 /* Sources */,
				330E7CC52B5A2E99006D89D2 /* Frameworks */,
				330E7CC62B5A2E99006D89D2 /* CopyFiles */,
			);
			buildRules = (
			);
			dependencies = (
			);
			name = 10_3009;
			productName = 10_3009;
			productReference = 330E7CC82B5A2E99006D89D2 /* 10_3009 */;
			productType = "com.apple.product-type.tool";
		};
		330E7CD22B5A3299006D89D2 /* 10_15894 */ = {
			isa = PBXNativeTarget;
			buildConfigurationList = 330E7CD72B5A3299006D89D2 /* Build configuration list for PBXNativeTarget "10_15894" */;
			buildPhases = (
				330E7CCF2B5A3299006D89D2 /* Sources */,
				330E7CD02B5A3299006D89D2 /* Frameworks */,
				330E7CD12B5A3299006D89D2 /* CopyFiles */,
			);
			buildRules = (
			);
			dependencies = (
			);
			name = 10_15894;
			productName = 10_15894;
			productReference = 330E7CD32B5A3299006D89D2 /* 10_15894 */;
			productType = "com.apple.product-type.tool";
		};
		335DC2982B4AD0CF00755471 /* 10_27323 */ = {
			isa = PBXNativeTarget;
			buildConfigurationList = 335DC29D2B4AD0CF00755471 /* Build configuration list for PBXNativeTarget "10_27323" */;
			buildPhases = (
				335DC2952B4AD0CF00755471 /* Sources */,
				335DC2962B4AD0CF00755471 /* Frameworks */,
				335DC2972B4AD0CF00755471 /* CopyFiles */,
			);
			buildRules = (
			);
			dependencies = (
			);
			name = 10_27323;
			productName = 10_27323;
			productReference = 335DC2992B4AD0CF00755471 /* 10_27323 */;
			productType = "com.apple.product-type.tool";
		};
/* End PBXNativeTarget section */

/* Begin PBXProject section */
		335DC2832B4AD0B100755471 /* Project object */ = {
			isa = PBXProject;
			attributes = {
				BuildIndependentTargetsInParallel = 1;
				LastUpgradeCheck = 1510;
				TargetAttributes = {
					330E7CBC2B5A2C70006D89D2 = {
						CreatedOnToolsVersion = 15.2;
					};
					330E7CC72B5A2E99006D89D2 = {
						CreatedOnToolsVersion = 15.2;
					};
					330E7CD22B5A3299006D89D2 = {
						CreatedOnToolsVersion = 15.2;
					};
					335DC2982B4AD0CF00755471 = {
						CreatedOnToolsVersion = 15.1;
					};
				};
			};
			buildConfigurationList = 335DC2862B4AD0B100755471 /* Build configuration list for PBXProject "10_Geometry" */;
			compatibilityVersion = "Xcode 14.0";
			developmentRegion = en;
			hasScannedForEncodings = 0;
			knownRegions = (
				en,
				Base,
			);
			mainGroup = 335DC2822B4AD0B100755471;
			productRefGroup = 335DC28C2B4AD0B100755471 /* Products */;
			projectDirPath = "";
			projectRoot = "";
			targets = (
				335DC2982B4AD0CF00755471 /* 10_27323 */,
				330E7CBC2B5A2C70006D89D2 /* 10_1085 */,
				330E7CC72B5A2E99006D89D2 /* 10_3009 */,
				330E7CD22B5A3299006D89D2 /* 10_15894 */,
			);
		};
/* End PBXProject section */

/* Begin PBXSourcesBuildPhase section */
		330E7CB92B5A2C70006D89D2 /* Sources */ = {
			isa = PBXSourcesBuildPhase;
			buildActionMask = 2147483647;
			files = (
				330E7CC02B5A2C70006D89D2 /* main.cpp in Sources */,
			);
			runOnlyForDeploymentPostprocessing = 0;
		};
		330E7CC42B5A2E99006D89D2 /* Sources */ = {
			isa = PBXSourcesBuildPhase;
			buildActionMask = 2147483647;
			files = (
				330E7CCB2B5A2E99006D89D2 /* main.cpp in Sources */,
			);
			runOnlyForDeploymentPostprocessing = 0;
		};
		330E7CCF2B5A3299006D89D2 /* Sources */ = {
			isa = PBXSourcesBuildPhase;
			buildActionMask = 2147483647;
			files = (
				330E7CD62B5A3299006D89D2 /* main.cpp in Sources */,
			);
			runOnlyForDeploymentPostprocessing = 0;
		};
		335DC2952B4AD0CF00755471 /* Sources */ = {
			isa = PBXSourcesBuildPhase;
			buildActionMask = 2147483647;
			files = (
				335DC29C2B4AD0CF00755471 /* main.cpp in Sources */,
			);
			runOnlyForDeploymentPostprocessing = 0;
		};
/* End PBXSourcesBuildPhase section */

/* Begin XCBuildConfiguration section */
		330E7CC12B5A2C70006D89D2 /* Debug */ = {
			isa = XCBuildConfiguration;
			buildSettings = {
				CODE_SIGN_STYLE = Automatic;
				PRODUCT_NAME = "$(TARGET_NAME)";
			};
			name = Debug;
		};
		330E7CC22B5A2C70006D89D2 /* Release */ = {
			isa = XCBuildConfiguration;
			buildSettings = {
				CODE_SIGN_STYLE = Automatic;
				PRODUCT_NAME = "$(TARGET_NAME)";
			};
			name = Release;
		};
		330E7CCD2B5A2E99006D89D2 /* Debug */ = {
			isa = XCBuildConfiguration;
			buildSettings = {
				CODE_SIGN_STYLE = Automatic;
				PRODUCT_NAME = "$(TARGET_NAME)";
			};
			name = Debug;
		};
		330E7CCE2B5A2E99006D89D2 /* Release */ = {
			isa = XCBuildConfiguration;
			buildSettings = {
				CODE_SIGN_STYLE = Automatic;
				PRODUCT_NAME = "$(TARGET_NAME)";
			};
			name = Release;
		};
		330E7CD82B5A3299006D89D2 /* Debug */ = {
			isa = XCBuildConfiguration;
			buildSettings = {
				CODE_SIGN_STYLE = Automatic;
				PRODUCT_NAME = "$(TARGET_NAME)";
			};
			name = Debug;
		};
		330E7CD92B5A3299006D89D2 /* Release */ = {
			isa = XCBuildConfiguration;
			buildSettings = {
				CODE_SIGN_STYLE = Automatic;
				PRODUCT_NAME = "$(TARGET_NAME)";
			};
			name = Release;
		};
		335DC2902B4AD0B100755471 /* Debug */ = {
			isa = XCBuildConfiguration;
			buildSettings = {
				ALWAYS_SEARCH_USER_PATHS = NO;
				ASSETCATALOG_COMPILER_GENERATE_SWIFT_ASSET_SYMBOL_EXTENSIONS = YES;
				CLANG_ANALYZER_NONNULL = YES;
				CLANG_ANALYZER_NUMBER_OBJECT_CONVERSION = YES_AGGRESSIVE;
				CLANG_CXX_LANGUAGE_STANDARD = "gnu++20";
				CLANG_ENABLE_MODULES = YES;
				CLANG_ENABLE_OBJC_ARC = YES;
				CLANG_ENABLE_OBJC_WEAK = YES;
				CLANG_WARN_BLOCK_CAPTURE_AUTORELEASING = YES;
				CLANG_WARN_BOOL_CONVERSION = YES;
				CLANG_WARN_COMMA = YES;
				CLANG_WARN_CONSTANT_CONVERSION = YES;
				CLANG_WARN_DEPRECATED_OBJC_IMPLEMENTATIONS = YES;
				CLANG_WARN_DIRECT_OBJC_ISA_USAGE = YES_ERROR;
				CLANG_WARN_DOCUMENTATION_COMMENTS = YES;
				CLANG_WARN_EMPTY_BODY = YES;
				CLANG_WARN_ENUM_CONVERSION = YES;
				CLANG_WARN_INFINITE_RECURSION = YES;
				CLANG_WARN_INT_CONVERSION = YES;
				CLANG_WARN_NON_LITERAL_NULL_CONVERSION = YES;
				CLANG_WARN_OBJC_IMPLICIT_RETAIN_SELF = YES;
				CLANG_WARN_OBJC_LITERAL_CONVERSION = YES;
				CLANG_WARN_OBJC_ROOT_CLASS = YES_ERROR;
				CLANG_WARN_QUOTED_INCLUDE_IN_FRAMEWORK_HEADER = YES;
				CLANG_WARN_RANGE_LOOP_ANALYSIS = YES;
				CLANG_WARN_STRICT_PROTOTYPES = YES;
				CLANG_WARN_SUSPICIOUS_MOVE = YES;
				CLANG_WARN_UNGUARDED_AVAILABILITY = YES_AGGRESSIVE;
				CLANG_WARN_UNREACHABLE_CODE = YES;
				CLANG_WARN__DUPLICATE_METHOD_MATCH = YES;
				COPY_PHASE_STRIP = NO;
				DEBUG_INFORMATION_FORMAT = dwarf;
				ENABLE_STRICT_OBJC_MSGSEND = YES;
				ENABLE_TESTABILITY = YES;
				ENABLE_USER_SCRIPT_SANDBOXING = YES;
				GCC_C_LANGUAGE_STANDARD = gnu17;
				GCC_DYNAMIC_NO_PIC = NO;
				GCC_NO_COMMON_BLOCKS = YES;
				GCC_OPTIMIZATION_LEVEL = 0;
				GCC_PREPROCESSOR_DEFINITIONS = (
					"DEBUG=1",
					"$(inherited)",
				);
				GCC_WARN_64_TO_32_BIT_CONVERSION = YES;
				GCC_WARN_ABOUT_RETURN_TYPE = YES_ERROR;
				GCC_WARN_UNDECLARED_SELECTOR = YES;
				GCC_WARN_UNINITIALIZED_AUTOS = YES_AGGRESSIVE;
				GCC_WARN_UNUSED_FUNCTION = YES;
				GCC_WARN_UNUSED_VARIABLE = YES;
				LOCALIZATION_PREFERS_STRING_CATALOGS = YES;
				MACOSX_DEPLOYMENT_TARGET = 14.2;
				MTL_ENABLE_DEBUG_INFO = INCLUDE_SOURCE;
				MTL_FAST_MATH = YES;
				ONLY_ACTIVE_ARCH = YES;
				SDKROOT = macosx;
			};
			name = Debug;
		};
		335DC2912B4AD0B100755471 /* Release */ = {
			isa = XCBuildConfiguration;
			buildSettings = {
				ALWAYS_SEARCH_USER_PATHS = NO;
				ASSETCATALOG_COMPILER_GENERATE_SWIFT_ASSET_SYMBOL_EXTENSIONS = YES;
				CLANG_ANALYZER_NONNULL = YES;
				CLANG_ANALYZER_NUMBER_OBJECT_CONVERSION = YES_AGGRESSIVE;
				CLANG_CXX_LANGUAGE_STANDARD = "gnu++20";
				CLANG_ENABLE_MODULES = YES;
				CLANG_ENABLE_OBJC_ARC = YES;
				CLANG_ENABLE_OBJC_WEAK = YES;
				CLANG_WARN_BLOCK_CAPTURE_AUTORELEASING = YES;
				CLANG_WARN_BOOL_CONVERSION = YES;
				CLANG_WARN_COMMA = YES;
				CLANG_WARN_CONSTANT_CONVERSION = YES;
				CLANG_WARN_DEPRECATED_OBJC_IMPLEMENTATIONS = YES;
				CLANG_WARN_DIRECT_OBJC_ISA_USAGE = YES_ERROR;
				CLANG_WARN_DOCUMENTATION_COMMENTS = YES;
				CLANG_WARN_EMPTY_BODY = YES;
				CLANG_WARN_ENUM_CONVERSION = YES;
				CLANG_WARN_INFINITE_RECURSION = YES;
				CLANG_WARN_INT_CONVERSION = YES;
				CLANG_WARN_NON_LITERAL_NULL_CONVERSION = YES;
				CLANG_WARN_OBJC_IMPLICIT_RETAIN_SELF = YES;
				CLANG_WARN_OBJC_LITERAL_CONVERSION = YES;
				CLANG_WARN_OBJC_ROOT_CLASS = YES_ERROR;
				CLANG_WARN_QUOTED_INCLUDE_IN_FRAMEWORK_HEADER = YES;
				CLANG_WARN_RANGE_LOOP_ANALYSIS = YES;
				CLANG_WARN_STRICT_PROTOTYPES = YES;
				CLANG_WARN_SUSPICIOUS_MOVE = YES;
				CLANG_WARN_UNGUARDED_AVAILABILITY = YES_AGGRESSIVE;
				CLANG_WARN_UNREACHABLE_CODE = YES;
				CLANG_WARN__DUPLICATE_METHOD_MATCH = YES;
				COPY_PHASE_STRIP = NO;
				DEBUG_INFORMATION_FORMAT = "dwarf-with-dsym";
				ENABLE_NS_ASSERTIONS = NO;
				ENABLE_STRICT_OBJC_MSGSEND = YES;
				ENABLE_USER_SCRIPT_SANDBOXING = YES;
				GCC_C_LANGUAGE_STANDARD = gnu17;
				GCC_NO_COMMON_BLOCKS = YES;
				GCC_WARN_64_TO_32_BIT_CONVERSION = YES;
				GCC_WARN_ABOUT_RETURN_TYPE = YES_ERROR;
				GCC_WARN_UNDECLARED_SELECTOR = YES;
				GCC_WARN_UNINITIALIZED_AUTOS = YES_AGGRESSIVE;
				GCC_WARN_UNUSED_FUNCTION = YES;
				GCC_WARN_UNUSED_VARIABLE = YES;
				LOCALIZATION_PREFERS_STRING_CATALOGS = YES;
				MACOSX_DEPLOYMENT_TARGET = 14.2;
				MTL_ENABLE_DEBUG_INFO = NO;
				MTL_FAST_MATH = YES;
				SDKROOT = macosx;
			};
			name = Release;
		};
		335DC29E2B4AD0CF00755471 /* Debug */ = {
			isa = XCBuildConfiguration;
			buildSettings = {
				CODE_SIGN_STYLE = Automatic;
				PRODUCT_NAME = "$(TARGET_NAME)";
			};
			name = Debug;
		};
		335DC29F2B4AD0CF00755471 /* Release */ = {
			isa = XCBuildConfiguration;
			buildSettings = {
				CODE_SIGN_STYLE = Automatic;
				PRODUCT_NAME = "$(TARGET_NAME)";
			};
			name = Release;
		};
/* End XCBuildConfiguration section */

/* Begin XCConfigurationList section */
		330E7CC32B5A2C70006D89D2 /* Build configuration list for PBXNativeTarget "10_1085" */ = {
			isa = XCConfigurationList;
			buildConfigurations = (
				330E7CC12B5A2C70006D89D2 /* Debug */,
				330E7CC22B5A2C70006D89D2 /* Release */,
			);
			defaultConfigurationIsVisible = 0;
			defaultConfigurationName = Release;
		};
		330E7CCC2B5A2E99006D89D2 /* Build configuration list for PBXNativeTarget "10_3009" */ = {
			isa = XCConfigurationList;
			buildConfigurations = (
				330E7CCD2B5A2E99006D89D2 /* Debug */,
				330E7CCE2B5A2E99006D89D2 /* Release */,
			);
			defaultConfigurationIsVisible = 0;
			defaultConfigurationName = Release;
		};
		330E7CD72B5A3299006D89D2 /* Build configuration list for PBXNativeTarget "10_15894" */ = {
			isa = XCConfigurationList;
			buildConfigurations = (
				330E7CD82B5A3299006D89D2 /* Debug */,
				330E7CD92B5A3299006D89D2 /* Release */,
			);
			defaultConfigurationIsVisible = 0;
			defaultConfigurationName = Release;
		};
		335DC2862B4AD0B100755471 /* Build configuration list for PBXProject "10_Geometry" */ = {
			isa = XCConfigurationList;
			buildConfigurations = (
				335DC2902B4AD0B100755471 /* Debug */,
				335DC2912B4AD0B100755471 /* Release */,
			);
			defaultConfigurationIsVisible = 0;
			defaultConfigurationName = Release;
		};
		335DC29D2B4AD0CF00755471 /* Build configuration list for PBXNativeTarget "10_27323" */ = {
			isa = XCConfigurationList;
			buildConfigurations = (
				335DC29E2B4AD0CF00755471 /* Debug */,
				335DC29F2B4AD0CF00755471 /* Release */,
			);
			defaultConfigurationIsVisible = 0;
			defaultConfigurationName = Release;
		};
/* End XCConfigurationList section */
	};
	rootObject = 335DC2832B4AD0B100755471 /* Project object */;
}
