// !$*UTF8*$!
{
	archiveVersion = 1;
	classes = {
	};
	objectVersion = 56;
	objects = {

/* Begin PBXBuildFile section */
		33CEE4272B68D4FC00824CF0 /* main.cpp in Sources */ = {isa = PBXBuildFile; fileRef = 33CEE4262B68D4FC00824CF0 /* main.cpp */; };
		33CEE4322B68D62600824CF0 /* main.cpp in Sources */ = {isa = PBXBuildFile; fileRef = 33CEE4312B68D62600824CF0 /* main.cpp */; };
		33CEE43D2B68D6F700824CF0 /* main.cpp in Sources */ = {isa = PBXBuildFile; fileRef = 33CEE43C2B68D6F700824CF0 /* main.cpp */; };
		33CEE4482B68DA4800824CF0 /* main.cpp in Sources */ = {isa = PBXBuildFile; fileRef = 33CEE4472B68DA4800824CF0 /* main.cpp */; };
		33CEE4532B68DAEF00824CF0 /* main.cpp in Sources */ = {isa = PBXBuildFile; fileRef = 33CEE4522B68DAEF00824CF0 /* main.cpp */; };
/* End PBXBuildFile section */

/* Begin PBXCopyFilesBuildPhase section */
		33CEE4222B68D4FC00824CF0 /* CopyFiles */ = {
			isa = PBXCopyFilesBuildPhase;
			buildActionMask = 2147483647;
			dstPath = /usr/share/man/man1/;
			dstSubfolderSpec = 0;
			files = (
			);
			runOnlyForDeploymentPostprocessing = 1;
		};
		33CEE42D2B68D62600824CF0 /* CopyFiles */ = {
			isa = PBXCopyFilesBuildPhase;
			buildActionMask = 2147483647;
			dstPath = /usr/share/man/man1/;
			dstSubfolderSpec = 0;
			files = (
			);
			runOnlyForDeploymentPostprocessing = 1;
		};
		33CEE4382B68D6F700824CF0 /* CopyFiles */ = {
			isa = PBXCopyFilesBuildPhase;
			buildActionMask = 2147483647;
			dstPath = /usr/share/man/man1/;
			dstSubfolderSpec = 0;
			files = (
			);
			runOnlyForDeploymentPostprocessing = 1;
		};
		33CEE4432B68DA4800824CF0 /* CopyFiles */ = {
			isa = PBXCopyFilesBuildPhase;
			buildActionMask = 2147483647;
			dstPath = /usr/share/man/man1/;
			dstSubfolderSpec = 0;
			files = (
			);
			runOnlyForDeploymentPostprocessing = 1;
		};
		33CEE44E2B68DAEF00824CF0 /* CopyFiles */ = {
			isa = PBXCopyFilesBuildPhase;
			buildActionMask = 2147483647;
			dstPath = /usr/share/man/man1/;
			dstSubfolderSpec = 0;
			files = (
			);
			runOnlyForDeploymentPostprocessing = 1;
		};
/* End PBXCopyFilesBuildPhase section */

/* Begin PBXFileReference section */
		33CEE4242B68D4FC00824CF0 /* 11_24262 */ = {isa = PBXFileReference; explicitFileType = "compiled.mach-o.executable"; includeInIndex = 0; path = 11_24262; sourceTree = BUILT_PRODUCTS_DIR; };
		33CEE4262B68D4FC00824CF0 /* main.cpp */ = {isa = PBXFileReference; lastKnownFileType = sourcecode.cpp.cpp; path = main.cpp; sourceTree = "<group>"; };
		33CEE42F2B68D62600824CF0 /* 11_24263 */ = {isa = PBXFileReference; explicitFileType = "compiled.mach-o.executable"; includeInIndex = 0; path = 11_24263; sourceTree = BUILT_PRODUCTS_DIR; };
		33CEE4312B68D62600824CF0 /* main.cpp */ = {isa = PBXFileReference; lastKnownFileType = sourcecode.cpp.cpp; path = main.cpp; sourceTree = "<group>"; };
		33CEE43A2B68D6F700824CF0 /* 11_24264 */ = {isa = PBXFileReference; explicitFileType = "compiled.mach-o.executable"; includeInIndex = 0; path = 11_24264; sourceTree = BUILT_PRODUCTS_DIR; };
		33CEE43C2B68D6F700824CF0 /* main.cpp */ = {isa = PBXFileReference; lastKnownFileType = sourcecode.cpp.cpp; path = main.cpp; sourceTree = "<group>"; };
		33CEE4452B68DA4800824CF0 /* 11_24265 */ = {isa = PBXFileReference; explicitFileType = "compiled.mach-o.executable"; includeInIndex = 0; path = 11_24265; sourceTree = BUILT_PRODUCTS_DIR; };
		33CEE4472B68DA4800824CF0 /* main.cpp */ = {isa = PBXFileReference; lastKnownFileType = sourcecode.cpp.cpp; path = main.cpp; sourceTree = "<group>"; };
		33CEE4502B68DAEF00824CF0 /* 11_24266 */ = {isa = PBXFileReference; explicitFileType = "compiled.mach-o.executable"; includeInIndex = 0; path = 11_24266; sourceTree = BUILT_PRODUCTS_DIR; };
		33CEE4522B68DAEF00824CF0 /* main.cpp */ = {isa = PBXFileReference; lastKnownFileType = sourcecode.cpp.cpp; path = main.cpp; sourceTree = "<group>"; };
/* End PBXFileReference section */

/* Begin PBXFrameworksBuildPhase section */
		33CEE4212B68D4FC00824CF0 /* Frameworks */ = {
			isa = PBXFrameworksBuildPhase;
			buildActionMask = 2147483647;
			files = (
			);
			runOnlyForDeploymentPostprocessing = 0;
		};
		33CEE42C2B68D62600824CF0 /* Frameworks */ = {
			isa = PBXFrameworksBuildPhase;
			buildActionMask = 2147483647;
			files = (
			);
			runOnlyForDeploymentPostprocessing = 0;
		};
		33CEE4372B68D6F700824CF0 /* Frameworks */ = {
			isa = PBXFrameworksBuildPhase;
			buildActionMask = 2147483647;
			files = (
			);
			runOnlyForDeploymentPostprocessing = 0;
		};
		33CEE4422B68DA4800824CF0 /* Frameworks */ = {
			isa = PBXFrameworksBuildPhase;
			buildActionMask = 2147483647;
			files = (
			);
			runOnlyForDeploymentPostprocessing = 0;
		};
		33CEE44D2B68DAEF00824CF0 /* Frameworks */ = {
			isa = PBXFrameworksBuildPhase;
			buildActionMask = 2147483647;
			files = (
			);
			runOnlyForDeploymentPostprocessing = 0;
		};
/* End PBXFrameworksBuildPhase section */

/* Begin PBXGroup section */
		33CEE40D2B68D4CC00824CF0 = {
			isa = PBXGroup;
			children = (
				33CEE4252B68D4FC00824CF0 /* 11_24262 */,
				33CEE4302B68D62600824CF0 /* 11_24263 */,
				33CEE43B2B68D6F700824CF0 /* 11_24264 */,
				33CEE4462B68DA4800824CF0 /* 11_24265 */,
				33CEE4512B68DAEF00824CF0 /* 11_24266 */,
				33CEE4172B68D4CC00824CF0 /* Products */,
			);
			sourceTree = "<group>";
		};
		33CEE4172B68D4CC00824CF0 /* Products */ = {
			isa = PBXGroup;
			children = (
				33CEE4242B68D4FC00824CF0 /* 11_24262 */,
				33CEE42F2B68D62600824CF0 /* 11_24263 */,
				33CEE43A2B68D6F700824CF0 /* 11_24264 */,
				33CEE4452B68DA4800824CF0 /* 11_24265 */,
				33CEE4502B68DAEF00824CF0 /* 11_24266 */,
			);
			name = Products;
			sourceTree = "<group>";
		};
		33CEE4252B68D4FC00824CF0 /* 11_24262 */ = {
			isa = PBXGroup;
			children = (
				33CEE4262B68D4FC00824CF0 /* main.cpp */,
			);
			path = 11_24262;
			sourceTree = "<group>";
		};
		33CEE4302B68D62600824CF0 /* 11_24263 */ = {
			isa = PBXGroup;
			children = (
				33CEE4312B68D62600824CF0 /* main.cpp */,
			);
			path = 11_24263;
			sourceTree = "<group>";
		};
		33CEE43B2B68D6F700824CF0 /* 11_24264 */ = {
			isa = PBXGroup;
			children = (
				33CEE43C2B68D6F700824CF0 /* main.cpp */,
			);
			path = 11_24264;
			sourceTree = "<group>";
		};
		33CEE4462B68DA4800824CF0 /* 11_24265 */ = {
			isa = PBXGroup;
			children = (
				33CEE4472B68DA4800824CF0 /* main.cpp */,
			);
			path = 11_24265;
			sourceTree = "<group>";
		};
		33CEE4512B68DAEF00824CF0 /* 11_24266 */ = {
			isa = PBXGroup;
			children = (
				33CEE4522B68DAEF00824CF0 /* main.cpp */,
			);
			path = 11_24266;
			sourceTree = "<group>";
		};
/* End PBXGroup section */

/* Begin PBXNativeTarget section */
		33CEE4232B68D4FC00824CF0 /* 11_24262 */ = {
			isa = PBXNativeTarget;
			buildConfigurationList = 33CEE4282B68D4FC00824CF0 /* Build configuration list for PBXNativeTarget "11_24262" */;
			buildPhases = (
				33CEE4202B68D4FC00824CF0 /* Sources */,
				33CEE4212B68D4FC00824CF0 /* Frameworks */,
				33CEE4222B68D4FC00824CF0 /* CopyFiles */,
			);
			buildRules = (
			);
			dependencies = (
			);
			name = 11_24262;
			productName = 11_24262;
			productReference = 33CEE4242B68D4FC00824CF0 /* 11_24262 */;
			productType = "com.apple.product-type.tool";
		};
		33CEE42E2B68D62600824CF0 /* 11_24263 */ = {
			isa = PBXNativeTarget;
			buildConfigurationList = 33CEE4332B68D62600824CF0 /* Build configuration list for PBXNativeTarget "11_24263" */;
			buildPhases = (
				33CEE42B2B68D62600824CF0 /* Sources */,
				33CEE42C2B68D62600824CF0 /* Frameworks */,
				33CEE42D2B68D62600824CF0 /* CopyFiles */,
			);
			buildRules = (
			);
			dependencies = (
			);
			name = 11_24263;
			productName = 11_24263;
			productReference = 33CEE42F2B68D62600824CF0 /* 11_24263 */;
			productType = "com.apple.product-type.tool";
		};
		33CEE4392B68D6F700824CF0 /* 11_24264 */ = {
			isa = PBXNativeTarget;
			buildConfigurationList = 33CEE43E2B68D6F700824CF0 /* Build configuration list for PBXNativeTarget "11_24264" */;
			buildPhases = (
				33CEE4362B68D6F700824CF0 /* Sources */,
				33CEE4372B68D6F700824CF0 /* Frameworks */,
				33CEE4382B68D6F700824CF0 /* CopyFiles */,
			);
			buildRules = (
			);
			dependencies = (
			);
			name = 11_24264;
			productName = 11_24264;
			productReference = 33CEE43A2B68D6F700824CF0 /* 11_24264 */;
			productType = "com.apple.product-type.tool";
		};
		33CEE4442B68DA4800824CF0 /* 11_24265 */ = {
			isa = PBXNativeTarget;
			buildConfigurationList = 33CEE4492B68DA4800824CF0 /* Build configuration list for PBXNativeTarget "11_24265" */;
			buildPhases = (
				33CEE4412B68DA4800824CF0 /* Sources */,
				33CEE4422B68DA4800824CF0 /* Frameworks */,
				33CEE4432B68DA4800824CF0 /* CopyFiles */,
			);
			buildRules = (
			);
			dependencies = (
			);
			name = 11_24265;
			productName = 11_24265;
			productReference = 33CEE4452B68DA4800824CF0 /* 11_24265 */;
			productType = "com.apple.product-type.tool";
		};
		33CEE44F2B68DAEF00824CF0 /* 11_24266 */ = {
			isa = PBXNativeTarget;
			buildConfigurationList = 33CEE4542B68DAEF00824CF0 /* Build configuration list for PBXNativeTarget "11_24266" */;
			buildPhases = (
				33CEE44C2B68DAEF00824CF0 /* Sources */,
				33CEE44D2B68DAEF00824CF0 /* Frameworks */,
				33CEE44E2B68DAEF00824CF0 /* CopyFiles */,
			);
			buildRules = (
			);
			dependencies = (
			);
			name = 11_24266;
			productName = 11_24266;
			productReference = 33CEE4502B68DAEF00824CF0 /* 11_24266 */;
			productType = "com.apple.product-type.tool";
		};
/* End PBXNativeTarget section */

/* Begin PBXProject section */
		33CEE40E2B68D4CC00824CF0 /* Project object */ = {
			isa = PBXProject;
			attributes = {
				BuildIndependentTargetsInParallel = 1;
				LastUpgradeCheck = 1520;
				TargetAttributes = {
					33CEE4232B68D4FC00824CF0 = {
						CreatedOnToolsVersion = 15.2;
					};
					33CEE42E2B68D62600824CF0 = {
						CreatedOnToolsVersion = 15.2;
					};
					33CEE4392B68D6F700824CF0 = {
						CreatedOnToolsVersion = 15.2;
					};
					33CEE4442B68DA4800824CF0 = {
						CreatedOnToolsVersion = 15.2;
					};
					33CEE44F2B68DAEF00824CF0 = {
						CreatedOnToolsVersion = 15.2;
					};
				};
			};
			buildConfigurationList = 33CEE4112B68D4CC00824CF0 /* Build configuration list for PBXProject "11_TimeComplexity" */;
			compatibilityVersion = "Xcode 14.0";
			developmentRegion = en;
			hasScannedForEncodings = 0;
			knownRegions = (
				en,
				Base,
			);
			mainGroup = 33CEE40D2B68D4CC00824CF0;
			productRefGroup = 33CEE4172B68D4CC00824CF0 /* Products */;
			projectDirPath = "";
			projectRoot = "";
			targets = (
				33CEE4232B68D4FC00824CF0 /* 11_24262 */,
				33CEE42E2B68D62600824CF0 /* 11_24263 */,
				33CEE4392B68D6F700824CF0 /* 11_24264 */,
				33CEE4442B68DA4800824CF0 /* 11_24265 */,
				33CEE44F2B68DAEF00824CF0 /* 11_24266 */,
			);
		};
/* End PBXProject section */

/* Begin PBXSourcesBuildPhase section */
		33CEE4202B68D4FC00824CF0 /* Sources */ = {
			isa = PBXSourcesBuildPhase;
			buildActionMask = 2147483647;
			files = (
				33CEE4272B68D4FC00824CF0 /* main.cpp in Sources */,
			);
			runOnlyForDeploymentPostprocessing = 0;
		};
		33CEE42B2B68D62600824CF0 /* Sources */ = {
			isa = PBXSourcesBuildPhase;
			buildActionMask = 2147483647;
			files = (
				33CEE4322B68D62600824CF0 /* main.cpp in Sources */,
			);
			runOnlyForDeploymentPostprocessing = 0;
		};
		33CEE4362B68D6F700824CF0 /* Sources */ = {
			isa = PBXSourcesBuildPhase;
			buildActionMask = 2147483647;
			files = (
				33CEE43D2B68D6F700824CF0 /* main.cpp in Sources */,
			);
			runOnlyForDeploymentPostprocessing = 0;
		};
		33CEE4412B68DA4800824CF0 /* Sources */ = {
			isa = PBXSourcesBuildPhase;
			buildActionMask = 2147483647;
			files = (
				33CEE4482B68DA4800824CF0 /* main.cpp in Sources */,
			);
			runOnlyForDeploymentPostprocessing = 0;
		};
		33CEE44C2B68DAEF00824CF0 /* Sources */ = {
			isa = PBXSourcesBuildPhase;
			buildActionMask = 2147483647;
			files = (
				33CEE4532B68DAEF00824CF0 /* main.cpp in Sources */,
			);
			runOnlyForDeploymentPostprocessing = 0;
		};
/* End PBXSourcesBuildPhase section */

/* Begin XCBuildConfiguration section */
		33CEE41B2B68D4CC00824CF0 /* Debug */ = {
			isa = XCBuildConfiguration;
			buildSettings = {
				ALWAYS_SEARCH_USER_PATHS = NO;
				ASSETCATALOG_COMPILER_GENERATE_SWIFT_ASSET_SYMBOL_EXTENSIONS = YES;
				CLANG_ANALYZER_NONNULL = YES;
				CLANG_ANALYZER_NUMBER_OBJECT_CONVERSION = YES_AGGRESSIVE;
				CLANG_CXX_LANGUAGE_STANDARD = "gnu++20";
				CLANG_ENABLE_MODULES = YES;
				CLANG_ENABLE_OBJC_ARC = YES;
				CLANG_ENABLE_OBJC_WEAK = YES;
				CLANG_WARN_BLOCK_CAPTURE_AUTORELEASING = YES;
				CLANG_WARN_BOOL_CONVERSION = YES;
				CLANG_WARN_COMMA = YES;
				CLANG_WARN_CONSTANT_CONVERSION = YES;
				CLANG_WARN_DEPRECATED_OBJC_IMPLEMENTATIONS = YES;
				CLANG_WARN_DIRECT_OBJC_ISA_USAGE = YES_ERROR;
				CLANG_WARN_DOCUMENTATION_COMMENTS = YES;
				CLANG_WARN_EMPTY_BODY = YES;
				CLANG_WARN_ENUM_CONVERSION = YES;
				CLANG_WARN_INFINITE_RECURSION = YES;
				CLANG_WARN_INT_CONVERSION = YES;
				CLANG_WARN_NON_LITERAL_NULL_CONVERSION = YES;
				CLANG_WARN_OBJC_IMPLICIT_RETAIN_SELF = YES;
				CLANG_WARN_OBJC_LITERAL_CONVERSION = YES;
				CLANG_WARN_OBJC_ROOT_CLASS = YES_ERROR;
				CLANG_WARN_QUOTED_INCLUDE_IN_FRAMEWORK_HEADER = YES;
				CLANG_WARN_RANGE_LOOP_ANALYSIS = YES;
				CLANG_WARN_STRICT_PROTOTYPES = YES;
				CLANG_WARN_SUSPICIOUS_MOVE = YES;
				CLANG_WARN_UNGUARDED_AVAILABILITY = YES_AGGRESSIVE;
				CLANG_WARN_UNREACHABLE_CODE = YES;
				CLANG_WARN__DUPLICATE_METHOD_MATCH = YES;
				COPY_PHASE_STRIP = NO;
				DEBUG_INFORMATION_FORMAT = dwarf;
				ENABLE_STRICT_OBJC_MSGSEND = YES;
				ENABLE_TESTABILITY = YES;
				ENABLE_USER_SCRIPT_SANDBOXING = YES;
				GCC_C_LANGUAGE_STANDARD = gnu17;
				GCC_DYNAMIC_NO_PIC = NO;
				GCC_NO_COMMON_BLOCKS = YES;
				GCC_OPTIMIZATION_LEVEL = 0;
				GCC_PREPROCESSOR_DEFINITIONS = (
					"DEBUG=1",
					"$(inherited)",
				);
				GCC_WARN_64_TO_32_BIT_CONVERSION = YES;
				GCC_WARN_ABOUT_RETURN_TYPE = YES_ERROR;
				GCC_WARN_UNDECLARED_SELECTOR = YES;
				GCC_WARN_UNINITIALIZED_AUTOS = YES_AGGRESSIVE;
				GCC_WARN_UNUSED_FUNCTION = YES;
				GCC_WARN_UNUSED_VARIABLE = YES;
				LOCALIZATION_PREFERS_STRING_CATALOGS = YES;
				MACOSX_DEPLOYMENT_TARGET = 14.2;
				MTL_ENABLE_DEBUG_INFO = INCLUDE_SOURCE;
				MTL_FAST_MATH = YES;
				ONLY_ACTIVE_ARCH = YES;
				SDKROOT = macosx;
			};
			name = Debug;
		};
		33CEE41C2B68D4CC00824CF0 /* Release */ = {
			isa = XCBuildConfiguration;
			buildSettings = {
				ALWAYS_SEARCH_USER_PATHS = NO;
				ASSETCATALOG_COMPILER_GENERATE_SWIFT_ASSET_SYMBOL_EXTENSIONS = YES;
				CLANG_ANALYZER_NONNULL = YES;
				CLANG_ANALYZER_NUMBER_OBJECT_CONVERSION = YES_AGGRESSIVE;
				CLANG_CXX_LANGUAGE_STANDARD = "gnu++20";
				CLANG_ENABLE_MODULES = YES;
				CLANG_ENABLE_OBJC_ARC = YES;
				CLANG_ENABLE_OBJC_WEAK = YES;
				CLANG_WARN_BLOCK_CAPTURE_AUTORELEASING = YES;
				CLANG_WARN_BOOL_CONVERSION = YES;
				CLANG_WARN_COMMA = YES;
				CLANG_WARN_CONSTANT_CONVERSION = YES;
				CLANG_WARN_DEPRECATED_OBJC_IMPLEMENTATIONS = YES;
				CLANG_WARN_DIRECT_OBJC_ISA_USAGE = YES_ERROR;
				CLANG_WARN_DOCUMENTATION_COMMENTS = YES;
				CLANG_WARN_EMPTY_BODY = YES;
				CLANG_WARN_ENUM_CONVERSION = YES;
				CLANG_WARN_INFINITE_RECURSION = YES;
				CLANG_WARN_INT_CONVERSION = YES;
				CLANG_WARN_NON_LITERAL_NULL_CONVERSION = YES;
				CLANG_WARN_OBJC_IMPLICIT_RETAIN_SELF = YES;
				CLANG_WARN_OBJC_LITERAL_CONVERSION = YES;
				CLANG_WARN_OBJC_ROOT_CLASS = YES_ERROR;
				CLANG_WARN_QUOTED_INCLUDE_IN_FRAMEWORK_HEADER = YES;
				CLANG_WARN_RANGE_LOOP_ANALYSIS = YES;
				CLANG_WARN_STRICT_PROTOTYPES = YES;
				CLANG_WARN_SUSPICIOUS_MOVE = YES;
				CLANG_WARN_UNGUARDED_AVAILABILITY = YES_AGGRESSIVE;
				CLANG_WARN_UNREACHABLE_CODE = YES;
				CLANG_WARN__DUPLICATE_METHOD_MATCH = YES;
				COPY_PHASE_STRIP = NO;
				DEBUG_INFORMATION_FORMAT = "dwarf-with-dsym";
				ENABLE_NS_ASSERTIONS = NO;
				ENABLE_STRICT_OBJC_MSGSEND = YES;
				ENABLE_USER_SCRIPT_SANDBOXING = YES;
				GCC_C_LANGUAGE_STANDARD = gnu17;
				GCC_NO_COMMON_BLOCKS = YES;
				GCC_WARN_64_TO_32_BIT_CONVERSION = YES;
				GCC_WARN_ABOUT_RETURN_TYPE = YES_ERROR;
				GCC_WARN_UNDECLARED_SELECTOR = YES;
				GCC_WARN_UNINITIALIZED_AUTOS = YES_AGGRESSIVE;
				GCC_WARN_UNUSED_FUNCTION = YES;
				GCC_WARN_UNUSED_VARIABLE = YES;
				LOCALIZATION_PREFERS_STRING_CATALOGS = YES;
				MACOSX_DEPLOYMENT_TARGET = 14.2;
				MTL_ENABLE_DEBUG_INFO = NO;
				MTL_FAST_MATH = YES;
				SDKROOT = macosx;
			};
			name = Release;
		};
		33CEE4292B68D4FC00824CF0 /* Debug */ = {
			isa = XCBuildConfiguration;
			buildSettings = {
				CODE_SIGN_STYLE = Automatic;
				PRODUCT_NAME = "$(TARGET_NAME)";
			};
			name = Debug;
		};
		33CEE42A2B68D4FC00824CF0 /* Release */ = {
			isa = XCBuildConfiguration;
			buildSettings = {
				CODE_SIGN_STYLE = Automatic;
				PRODUCT_NAME = "$(TARGET_NAME)";
			};
			name = Release;
		};
		33CEE4342B68D62600824CF0 /* Debug */ = {
			isa = XCBuildConfiguration;
			buildSettings = {
				CODE_SIGN_STYLE = Automatic;
				PRODUCT_NAME = "$(TARGET_NAME)";
			};
			name = Debug;
		};
		33CEE4352B68D62600824CF0 /* Release */ = {
			isa = XCBuildConfiguration;
			buildSettings = {
				CODE_SIGN_STYLE = Automatic;
				PRODUCT_NAME = "$(TARGET_NAME)";
			};
			name = Release;
		};
		33CEE43F2B68D6F700824CF0 /* Debug */ = {
			isa = XCBuildConfiguration;
			buildSettings = {
				CODE_SIGN_STYLE = Automatic;
				PRODUCT_NAME = "$(TARGET_NAME)";
			};
			name = Debug;
		};
		33CEE4402B68D6F700824CF0 /* Release */ = {
			isa = XCBuildConfiguration;
			buildSettings = {
				CODE_SIGN_STYLE = Automatic;
				PRODUCT_NAME = "$(TARGET_NAME)";
			};
			name = Release;
		};
		33CEE44A2B68DA4800824CF0 /* Debug */ = {
			isa = XCBuildConfiguration;
			buildSettings = {
				CODE_SIGN_STYLE = Automatic;
				PRODUCT_NAME = "$(TARGET_NAME)";
			};
			name = Debug;
		};
		33CEE44B2B68DA4800824CF0 /* Release */ = {
			isa = XCBuildConfiguration;
			buildSettings = {
				CODE_SIGN_STYLE = Automatic;
				PRODUCT_NAME = "$(TARGET_NAME)";
			};
			name = Release;
		};
		33CEE4552B68DAEF00824CF0 /* Debug */ = {
			isa = XCBuildConfiguration;
			buildSettings = {
				CODE_SIGN_STYLE = Automatic;
				PRODUCT_NAME = "$(TARGET_NAME)";
			};
			name = Debug;
		};
		33CEE4562B68DAEF00824CF0 /* Release */ = {
			isa = XCBuildConfiguration;
			buildSettings = {
				CODE_SIGN_STYLE = Automatic;
				PRODUCT_NAME = "$(TARGET_NAME)";
			};
			name = Release;
		};
/* End XCBuildConfiguration section */

/* Begin XCConfigurationList section */
		33CEE4112B68D4CC00824CF0 /* Build configuration list for PBXProject "11_TimeComplexity" */ = {
			isa = XCConfigurationList;
			buildConfigurations = (
				33CEE41B2B68D4CC00824CF0 /* Debug */,
				33CEE41C2B68D4CC00824CF0 /* Release */,
			);
			defaultConfigurationIsVisible = 0;
			defaultConfigurationName = Release;
		};
		33CEE4282B68D4FC00824CF0 /* Build configuration list for PBXNativeTarget "11_24262" */ = {
			isa = XCConfigurationList;
			buildConfigurations = (
				33CEE4292B68D4FC00824CF0 /* Debug */,
				33CEE42A2B68D4FC00824CF0 /* Release */,
			);
			defaultConfigurationIsVisible = 0;
			defaultConfigurationName = Release;
		};
		33CEE4332B68D62600824CF0 /* Build configuration list for PBXNativeTarget "11_24263" */ = {
			isa = XCConfigurationList;
			buildConfigurations = (
				33CEE4342B68D62600824CF0 /* Debug */,
				33CEE4352B68D62600824CF0 /* Release */,
			);
			defaultConfigurationIsVisible = 0;
			defaultConfigurationName = Release;
		};
		33CEE43E2B68D6F700824CF0 /* Build configuration list for PBXNativeTarget "11_24264" */ = {
			isa = XCConfigurationList;
			buildConfigurations = (
				33CEE43F2B68D6F700824CF0 /* Debug */,
				33CEE4402B68D6F700824CF0 /* Release */,
			);
			defaultConfigurationIsVisible = 0;
			defaultConfigurationName = Release;
		};
		33CEE4492B68DA4800824CF0 /* Build configuration list for PBXNativeTarget "11_24265" */ = {
			isa = XCConfigurationList;
			buildConfigurations = (
				33CEE44A2B68DA4800824CF0 /* Debug */,
				33CEE44B2B68DA4800824CF0 /* Release */,
			);
			defaultConfigurationIsVisible = 0;
			defaultConfigurationName = Release;
		};
		33CEE4542B68DAEF00824CF0 /* Build configuration list for PBXNativeTarget "11_24266" */ = {
			isa = XCConfigurationList;
			buildConfigurations = (
				33CEE4552B68DAEF00824CF0 /* Debug */,
				33CEE4562B68DAEF00824CF0 /* Release */,
			);
			defaultConfigurationIsVisible = 0;
			defaultConfigurationName = Release;
		};
/* End XCConfigurationList section */
	};
	rootObject = 33CEE40E2B68D4CC00824CF0 /* Project object */;
}
