// !$*UTF8*$!
{
	archiveVersion = 1;
	classes = {
	};
	objectVersion = 56;
	objects = {

/* Begin PBXBuildFile section */
		3339299E2B47A342004B4644 /* main.cpp in Sources */ = {isa = PBXBuildFile; fileRef = 3339299D2B47A342004B4644 /* main.cpp */; };
		333929A92B47A481004B4644 /* main.cpp in Sources */ = {isa = PBXBuildFile; fileRef = 333929A82B47A481004B4644 /* main.cpp */; };
		333929B42B47A508004B4644 /* main.cpp in Sources */ = {isa = PBXBuildFile; fileRef = 333929B32B47A508004B4644 /* main.cpp */; };
		333929BF2B47A5C7004B4644 /* main.cpp in Sources */ = {isa = PBXBuildFile; fileRef = 333929BE2B47A5C7004B4644 /* main.cpp */; };
		333929CA2B47A659004B4644 /* main.cpp in Sources */ = {isa = PBXBuildFile; fileRef = 333929C92B47A659004B4644 /* main.cpp */; };
/* End PBXBuildFile section */

/* Begin PBXCopyFilesBuildPhase section */
		333929992B47A342004B4644 /* CopyFiles */ = {
			isa = PBXCopyFilesBuildPhase;
			buildActionMask = 2147483647;
			dstPath = /usr/share/man/man1/;
			dstSubfolderSpec = 0;
			files = (
			);
			runOnlyForDeploymentPostprocessing = 1;
		};
		333929A42B47A481004B4644 /* CopyFiles */ = {
			isa = PBXCopyFilesBuildPhase;
			buildActionMask = 2147483647;
			dstPath = /usr/share/man/man1/;
			dstSubfolderSpec = 0;
			files = (
			);
			runOnlyForDeploymentPostprocessing = 1;
		};
		333929AF2B47A508004B4644 /* CopyFiles */ = {
			isa = PBXCopyFilesBuildPhase;
			buildActionMask = 2147483647;
			dstPath = /usr/share/man/man1/;
			dstSubfolderSpec = 0;
			files = (
			);
			runOnlyForDeploymentPostprocessing = 1;
		};
		333929BA2B47A5C7004B4644 /* CopyFiles */ = {
			isa = PBXCopyFilesBuildPhase;
			buildActionMask = 2147483647;
			dstPath = /usr/share/man/man1/;
			dstSubfolderSpec = 0;
			files = (
			);
			runOnlyForDeploymentPostprocessing = 1;
		};
		333929C52B47A659004B4644 /* CopyFiles */ = {
			isa = PBXCopyFilesBuildPhase;
			buildActionMask = 2147483647;
			dstPath = /usr/share/man/man1/;
			dstSubfolderSpec = 0;
			files = (
			);
			runOnlyForDeploymentPostprocessing = 1;
		};
/* End PBXCopyFilesBuildPhase section */

/* Begin PBXFileReference section */
		3339299B2B47A342004B4644 /* 05_27866 */ = {isa = PBXFileReference; explicitFileType = "compiled.mach-o.executable"; includeInIndex = 0; path = 05_27866; sourceTree = BUILT_PRODUCTS_DIR; };
		3339299D2B47A342004B4644 /* main.cpp */ = {isa = PBXFileReference; lastKnownFileType = sourcecode.cpp.cpp; path = main.cpp; sourceTree = "<group>"; };
		333929A62B47A481004B4644 /* 05_2743 */ = {isa = PBXFileReference; explicitFileType = "compiled.mach-o.executable"; includeInIndex = 0; path = 05_2743; sourceTree = BUILT_PRODUCTS_DIR; };
		333929A82B47A481004B4644 /* main.cpp */ = {isa = PBXFileReference; lastKnownFileType = sourcecode.cpp.cpp; path = main.cpp; sourceTree = "<group>"; };
		333929B12B47A508004B4644 /* 05_9086 */ = {isa = PBXFileReference; explicitFileType = "compiled.mach-o.executable"; includeInIndex = 0; path = 05_9086; sourceTree = BUILT_PRODUCTS_DIR; };
		333929B32B47A508004B4644 /* main.cpp */ = {isa = PBXFileReference; lastKnownFileType = sourcecode.cpp.cpp; path = main.cpp; sourceTree = "<group>"; };
		333929BC2B47A5C7004B4644 /* 05_11654 */ = {isa = PBXFileReference; explicitFileType = "compiled.mach-o.executable"; includeInIndex = 0; path = 05_11654; sourceTree = BUILT_PRODUCTS_DIR; };
		333929BE2B47A5C7004B4644 /* main.cpp */ = {isa = PBXFileReference; lastKnownFileType = sourcecode.cpp.cpp; path = main.cpp; sourceTree = "<group>"; };
		333929C72B47A659004B4644 /* 05_11720 */ = {isa = PBXFileReference; explicitFileType = "compiled.mach-o.executable"; includeInIndex = 0; path = 05_11720; sourceTree = BUILT_PRODUCTS_DIR; };
		333929C92B47A659004B4644 /* main.cpp */ = {isa = PBXFileReference; lastKnownFileType = sourcecode.cpp.cpp; path = main.cpp; sourceTree = "<group>"; };
/* End PBXFileReference section */

/* Begin PBXFrameworksBuildPhase section */
		333929982B47A342004B4644 /* Frameworks */ = {
			isa = PBXFrameworksBuildPhase;
			buildActionMask = 2147483647;
			files = (
			);
			runOnlyForDeploymentPostprocessing = 0;
		};
		333929A32B47A481004B4644 /* Frameworks */ = {
			isa = PBXFrameworksBuildPhase;
			buildActionMask = 2147483647;
			files = (
			);
			runOnlyForDeploymentPostprocessing = 0;
		};
		333929AE2B47A508004B4644 /* Frameworks */ = {
			isa = PBXFrameworksBuildPhase;
			buildActionMask = 2147483647;
			files = (
			);
			runOnlyForDeploymentPostprocessing = 0;
		};
		333929B92B47A5C7004B4644 /* Frameworks */ = {
			isa = PBXFrameworksBuildPhase;
			buildActionMask = 2147483647;
			files = (
			);
			runOnlyForDeploymentPostprocessing = 0;
		};
		333929C42B47A659004B4644 /* Frameworks */ = {
			isa = PBXFrameworksBuildPhase;
			buildActionMask = 2147483647;
			files = (
			);
			runOnlyForDeploymentPostprocessing = 0;
		};
/* End PBXFrameworksBuildPhase section */

/* Begin PBXGroup section */
		333929842B47A334004B4644 = {
			isa = PBXGroup;
			children = (
				3339299C2B47A342004B4644 /* 05_27866 */,
				333929A72B47A481004B4644 /* 05_2743 */,
				333929B22B47A508004B4644 /* 05_9086 */,
				333929BD2B47A5C7004B4644 /* 05_11654 */,
				333929C82B47A659004B4644 /* 05_11720 */,
				3339298E2B47A334004B4644 /* Products */,
			);
			sourceTree = "<group>";
		};
		3339298E2B47A334004B4644 /* Products */ = {
			isa = PBXGroup;
			children = (
				3339299B2B47A342004B4644 /* 05_27866 */,
				333929A62B47A481004B4644 /* 05_2743 */,
				333929B12B47A508004B4644 /* 05_9086 */,
				333929BC2B47A5C7004B4644 /* 05_11654 */,
				333929C72B47A659004B4644 /* 05_11720 */,
			);
			name = Products;
			sourceTree = "<group>";
		};
		3339299C2B47A342004B4644 /* 05_27866 */ = {
			isa = PBXGroup;
			children = (
				3339299D2B47A342004B4644 /* main.cpp */,
			);
			path = 05_27866;
			sourceTree = "<group>";
		};
		333929A72B47A481004B4644 /* 05_2743 */ = {
			isa = PBXGroup;
			children = (
				333929A82B47A481004B4644 /* main.cpp */,
			);
			path = 05_2743;
			sourceTree = "<group>";
		};
		333929B22B47A508004B4644 /* 05_9086 */ = {
			isa = PBXGroup;
			children = (
				333929B32B47A508004B4644 /* main.cpp */,
			);
			path = 05_9086;
			sourceTree = "<group>";
		};
		333929BD2B47A5C7004B4644 /* 05_11654 */ = {
			isa = PBXGroup;
			children = (
				333929BE2B47A5C7004B4644 /* main.cpp */,
			);
			path = 05_11654;
			sourceTree = "<group>";
		};
		333929C82B47A659004B4644 /* 05_11720 */ = {
			isa = PBXGroup;
			children = (
				333929C92B47A659004B4644 /* main.cpp */,
			);
			path = 05_11720;
			sourceTree = "<group>";
		};
/* End PBXGroup section */

/* Begin PBXNativeTarget section */
		3339299A2B47A342004B4644 /* 05_27866 */ = {
			isa = PBXNativeTarget;
			buildConfigurationList = 3339299F2B47A342004B4644 /* Build configuration list for PBXNativeTarget "05_27866" */;
			buildPhases = (
				333929972B47A342004B4644 /* Sources */,
				333929982B47A342004B4644 /* Frameworks */,
				333929992B47A342004B4644 /* CopyFiles */,
			);
			buildRules = (
			);
			dependencies = (
			);
			name = 05_27866;
			productName = 05_27866;
			productReference = 3339299B2B47A342004B4644 /* 05_27866 */;
			productType = "com.apple.product-type.tool";
		};
		333929A52B47A481004B4644 /* 05_2743 */ = {
			isa = PBXNativeTarget;
			buildConfigurationList = 333929AA2B47A481004B4644 /* Build configuration list for PBXNativeTarget "05_2743" */;
			buildPhases = (
				333929A22B47A481004B4644 /* Sources */,
				333929A32B47A481004B4644 /* Frameworks */,
				333929A42B47A481004B4644 /* CopyFiles */,
			);
			buildRules = (
			);
			dependencies = (
			);
			name = 05_2743;
			productName = 05_2743;
			productReference = 333929A62B47A481004B4644 /* 05_2743 */;
			productType = "com.apple.product-type.tool";
		};
		333929B02B47A508004B4644 /* 05_9086 */ = {
			isa = PBXNativeTarget;
			buildConfigurationList = 333929B52B47A508004B4644 /* Build configuration list for PBXNativeTarget "05_9086" */;
			buildPhases = (
				333929AD2B47A508004B4644 /* Sources */,
				333929AE2B47A508004B4644 /* Frameworks */,
				333929AF2B47A508004B4644 /* CopyFiles */,
			);
			buildRules = (
			);
			dependencies = (
			);
			name = 05_9086;
			productName = 05_9086;
			productReference = 333929B12B47A508004B4644 /* 05_9086 */;
			productType = "com.apple.product-type.tool";
		};
		333929BB2B47A5C7004B4644 /* 05_11654 */ = {
			isa = PBXNativeTarget;
			buildConfigurationList = 333929C02B47A5C7004B4644 /* Build configuration list for PBXNativeTarget "05_11654" */;
			buildPhases = (
				333929B82B47A5C7004B4644 /* Sources */,
				333929B92B47A5C7004B4644 /* Frameworks */,
				333929BA2B47A5C7004B4644 /* CopyFiles */,
			);
			buildRules = (
			);
			dependencies = (
			);
			name = 05_11654;
			productName = 05_11654;
			productReference = 333929BC2B47A5C7004B4644 /* 05_11654 */;
			productType = "com.apple.product-type.tool";
		};
		333929C62B47A659004B4644 /* 05_11720 */ = {
			isa = PBXNativeTarget;
			buildConfigurationList = 333929CB2B47A659004B4644 /* Build configuration list for PBXNativeTarget "05_11720" */;
			buildPhases = (
				333929C32B47A659004B4644 /* Sources */,
				333929C42B47A659004B4644 /* Frameworks */,
				333929C52B47A659004B4644 /* CopyFiles */,
			);
			buildRules = (
			);
			dependencies = (
			);
			name = 05_11720;
			productName = 05_11720;
			productReference = 333929C72B47A659004B4644 /* 05_11720 */;
			productType = "com.apple.product-type.tool";
		};
/* End PBXNativeTarget section */

/* Begin PBXProject section */
		333929852B47A334004B4644 /* Project object */ = {
			isa = PBXProject;
			attributes = {
				BuildIndependentTargetsInParallel = 1;
				LastUpgradeCheck = 1510;
				TargetAttributes = {
					3339299A2B47A342004B4644 = {
						CreatedOnToolsVersion = 15.1;
					};
					333929A52B47A481004B4644 = {
						CreatedOnToolsVersion = 15.1;
					};
					333929B02B47A508004B4644 = {
						CreatedOnToolsVersion = 15.1;
					};
					333929BB2B47A5C7004B4644 = {
						CreatedOnToolsVersion = 15.1;
					};
					333929C62B47A659004B4644 = {
						CreatedOnToolsVersion = 15.1;
					};
				};
			};
			buildConfigurationList = 333929882B47A334004B4644 /* Build configuration list for PBXProject "05_String" */;
			compatibilityVersion = "Xcode 14.0";
			developmentRegion = en;
			hasScannedForEncodings = 0;
			knownRegions = (
				en,
				Base,
			);
			mainGroup = 333929842B47A334004B4644;
			productRefGroup = 3339298E2B47A334004B4644 /* Products */;
			projectDirPath = "";
			projectRoot = "";
			targets = (
				3339299A2B47A342004B4644 /* 05_27866 */,
				333929A52B47A481004B4644 /* 05_2743 */,
				333929B02B47A508004B4644 /* 05_9086 */,
				333929BB2B47A5C7004B4644 /* 05_11654 */,
				333929C62B47A659004B4644 /* 05_11720 */,
			);
		};
/* End PBXProject section */

/* Begin PBXSourcesBuildPhase section */
		333929972B47A342004B4644 /* Sources */ = {
			isa = PBXSourcesBuildPhase;
			buildActionMask = 2147483647;
			files = (
				3339299E2B47A342004B4644 /* main.cpp in Sources */,
			);
			runOnlyForDeploymentPostprocessing = 0;
		};
		333929A22B47A481004B4644 /* Sources */ = {
			isa = PBXSourcesBuildPhase;
			buildActionMask = 2147483647;
			files = (
				333929A92B47A481004B4644 /* main.cpp in Sources */,
			);
			runOnlyForDeploymentPostprocessing = 0;
		};
		333929AD2B47A508004B4644 /* Sources */ = {
			isa = PBXSourcesBuildPhase;
			buildActionMask = 2147483647;
			files = (
				333929B42B47A508004B4644 /* main.cpp in Sources */,
			);
			runOnlyForDeploymentPostprocessing = 0;
		};
		333929B82B47A5C7004B4644 /* Sources */ = {
			isa = PBXSourcesBuildPhase;
			buildActionMask = 2147483647;
			files = (
				333929BF2B47A5C7004B4644 /* main.cpp in Sources */,
			);
			runOnlyForDeploymentPostprocessing = 0;
		};
		333929C32B47A659004B4644 /* Sources */ = {
			isa = PBXSourcesBuildPhase;
			buildActionMask = 2147483647;
			files = (
				333929CA2B47A659004B4644 /* main.cpp in Sources */,
			);
			runOnlyForDeploymentPostprocessing = 0;
		};
/* End PBXSourcesBuildPhase section */

/* Begin XCBuildConfiguration section */
		333929922B47A334004B4644 /* Debug */ = {
			isa = XCBuildConfiguration;
			buildSettings = {
				ALWAYS_SEARCH_USER_PATHS = NO;
				ASSETCATALOG_COMPILER_GENERATE_SWIFT_ASSET_SYMBOL_EXTENSIONS = YES;
				CLANG_ANALYZER_NONNULL = YES;
				CLANG_ANALYZER_NUMBER_OBJECT_CONVERSION = YES_AGGRESSIVE;
				CLANG_CXX_LANGUAGE_STANDARD = "gnu++20";
				CLANG_ENABLE_MODULES = YES;
				CLANG_ENABLE_OBJC_ARC = YES;
				CLANG_ENABLE_OBJC_WEAK = YES;
				CLANG_WARN_BLOCK_CAPTURE_AUTORELEASING = YES;
				CLANG_WARN_BOOL_CONVERSION = YES;
				CLANG_WARN_COMMA = YES;
				CLANG_WARN_CONSTANT_CONVERSION = YES;
				CLANG_WARN_DEPRECATED_OBJC_IMPLEMENTATIONS = YES;
				CLANG_WARN_DIRECT_OBJC_ISA_USAGE = YES_ERROR;
				CLANG_WARN_DOCUMENTATION_COMMENTS = YES;
				CLANG_WARN_EMPTY_BODY = YES;
				CLANG_WARN_ENUM_CONVERSION = YES;
				CLANG_WARN_INFINITE_RECURSION = YES;
				CLANG_WARN_INT_CONVERSION = YES;
				CLANG_WARN_NON_LITERAL_NULL_CONVERSION = YES;
				CLANG_WARN_OBJC_IMPLICIT_RETAIN_SELF = YES;
				CLANG_WARN_OBJC_LITERAL_CONVERSION = YES;
				CLANG_WARN_OBJC_ROOT_CLASS = YES_ERROR;
				CLANG_WARN_QUOTED_INCLUDE_IN_FRAMEWORK_HEADER = YES;
				CLANG_WARN_RANGE_LOOP_ANALYSIS = YES;
				CLANG_WARN_STRICT_PROTOTYPES = YES;
				CLANG_WARN_SUSPICIOUS_MOVE = YES;
				CLANG_WARN_UNGUARDED_AVAILABILITY = YES_AGGRESSIVE;
				CLANG_WARN_UNREACHABLE_CODE = YES;
				CLANG_WARN__DUPLICATE_METHOD_MATCH = YES;
				COPY_PHASE_STRIP = NO;
				DEBUG_INFORMATION_FORMAT = dwarf;
				ENABLE_STRICT_OBJC_MSGSEND = YES;
				ENABLE_TESTABILITY = YES;
				ENABLE_USER_SCRIPT_SANDBOXING = YES;
				GCC_C_LANGUAGE_STANDARD = gnu17;
				GCC_DYNAMIC_NO_PIC = NO;
				GCC_NO_COMMON_BLOCKS = YES;
				GCC_OPTIMIZATION_LEVEL = 0;
				GCC_PREPROCESSOR_DEFINITIONS = (
					"DEBUG=1",
					"$(inherited)",
				);
				GCC_WARN_64_TO_32_BIT_CONVERSION = YES;
				GCC_WARN_ABOUT_RETURN_TYPE = YES_ERROR;
				GCC_WARN_UNDECLARED_SELECTOR = YES;
				GCC_WARN_UNINITIALIZED_AUTOS = YES_AGGRESSIVE;
				GCC_WARN_UNUSED_FUNCTION = YES;
				GCC_WARN_UNUSED_VARIABLE = YES;
				LOCALIZATION_PREFERS_STRING_CATALOGS = YES;
				MACOSX_DEPLOYMENT_TARGET = 14.2;
				MTL_ENABLE_DEBUG_INFO = INCLUDE_SOURCE;
				MTL_FAST_MATH = YES;
				ONLY_ACTIVE_ARCH = YES;
				SDKROOT = macosx;
			};
			name = Debug;
		};
		333929932B47A334004B4644 /* Release */ = {
			isa = XCBuildConfiguration;
			buildSettings = {
				ALWAYS_SEARCH_USER_PATHS = NO;
				ASSETCATALOG_COMPILER_GENERATE_SWIFT_ASSET_SYMBOL_EXTENSIONS = YES;
				CLANG_ANALYZER_NONNULL = YES;
				CLANG_ANALYZER_NUMBER_OBJECT_CONVERSION = YES_AGGRESSIVE;
				CLANG_CXX_LANGUAGE_STANDARD = "gnu++20";
				CLANG_ENABLE_MODULES = YES;
				CLANG_ENABLE_OBJC_ARC = YES;
				CLANG_ENABLE_OBJC_WEAK = YES;
				CLANG_WARN_BLOCK_CAPTURE_AUTORELEASING = YES;
				CLANG_WARN_BOOL_CONVERSION = YES;
				CLANG_WARN_COMMA = YES;
				CLANG_WARN_CONSTANT_CONVERSION = YES;
				CLANG_WARN_DEPRECATED_OBJC_IMPLEMENTATIONS = YES;
				CLANG_WARN_DIRECT_OBJC_ISA_USAGE = YES_ERROR;
				CLANG_WARN_DOCUMENTATION_COMMENTS = YES;
				CLANG_WARN_EMPTY_BODY = YES;
				CLANG_WARN_ENUM_CONVERSION = YES;
				CLANG_WARN_INFINITE_RECURSION = YES;
				CLANG_WARN_INT_CONVERSION = YES;
				CLANG_WARN_NON_LITERAL_NULL_CONVERSION = YES;
				CLANG_WARN_OBJC_IMPLICIT_RETAIN_SELF = YES;
				CLANG_WARN_OBJC_LITERAL_CONVERSION = YES;
				CLANG_WARN_OBJC_ROOT_CLASS = YES_ERROR;
				CLANG_WARN_QUOTED_INCLUDE_IN_FRAMEWORK_HEADER = YES;
				CLANG_WARN_RANGE_LOOP_ANALYSIS = YES;
				CLANG_WARN_STRICT_PROTOTYPES = YES;
				CLANG_WARN_SUSPICIOUS_MOVE = YES;
				CLANG_WARN_UNGUARDED_AVAILABILITY = YES_AGGRESSIVE;
				CLANG_WARN_UNREACHABLE_CODE = YES;
				CLANG_WARN__DUPLICATE_METHOD_MATCH = YES;
				COPY_PHASE_STRIP = NO;
				DEBUG_INFORMATION_FORMAT = "dwarf-with-dsym";
				ENABLE_NS_ASSERTIONS = NO;
				ENABLE_STRICT_OBJC_MSGSEND = YES;
				ENABLE_USER_SCRIPT_SANDBOXING = YES;
				GCC_C_LANGUAGE_STANDARD = gnu17;
				GCC_NO_COMMON_BLOCKS = YES;
				GCC_WARN_64_TO_32_BIT_CONVERSION = YES;
				GCC_WARN_ABOUT_RETURN_TYPE = YES_ERROR;
				GCC_WARN_UNDECLARED_SELECTOR = YES;
				GCC_WARN_UNINITIALIZED_AUTOS = YES_AGGRESSIVE;
				GCC_WARN_UNUSED_FUNCTION = YES;
				GCC_WARN_UNUSED_VARIABLE = YES;
				LOCALIZATION_PREFERS_STRING_CATALOGS = YES;
				MACOSX_DEPLOYMENT_TARGET = 14.2;
				MTL_ENABLE_DEBUG_INFO = NO;
				MTL_FAST_MATH = YES;
				SDKROOT = macosx;
			};
			name = Release;
		};
		333929A02B47A342004B4644 /* Debug */ = {
			isa = XCBuildConfiguration;
			buildSettings = {
				CODE_SIGN_STYLE = Automatic;
				PRODUCT_NAME = "$(TARGET_NAME)";
			};
			name = Debug;
		};
		333929A12B47A342004B4644 /* Release */ = {
			isa = XCBuildConfiguration;
			buildSettings = {
				CODE_SIGN_STYLE = Automatic;
				PRODUCT_NAME = "$(TARGET_NAME)";
			};
			name = Release;
		};
		333929AB2B47A481004B4644 /* Debug */ = {
			isa = XCBuildConfiguration;
			buildSettings = {
				CODE_SIGN_STYLE = Automatic;
				PRODUCT_NAME = "$(TARGET_NAME)";
			};
			name = Debug;
		};
		333929AC2B47A481004B4644 /* Release */ = {
			isa = XCBuildConfiguration;
			buildSettings = {
				CODE_SIGN_STYLE = Automatic;
				PRODUCT_NAME = "$(TARGET_NAME)";
			};
			name = Release;
		};
		333929B62B47A508004B4644 /* Debug */ = {
			isa = XCBuildConfiguration;
			buildSettings = {
				CODE_SIGN_STYLE = Automatic;
				PRODUCT_NAME = "$(TARGET_NAME)";
			};
			name = Debug;
		};
		333929B72B47A508004B4644 /* Release */ = {
			isa = XCBuildConfiguration;
			buildSettings = {
				CODE_SIGN_STYLE = Automatic;
				PRODUCT_NAME = "$(TARGET_NAME)";
			};
			name = Release;
		};
		333929C12B47A5C7004B4644 /* Debug */ = {
			isa = XCBuildConfiguration;
			buildSettings = {
				CODE_SIGN_STYLE = Automatic;
				PRODUCT_NAME = "$(TARGET_NAME)";
			};
			name = Debug;
		};
		333929C22B47A5C7004B4644 /* Release */ = {
			isa = XCBuildConfiguration;
			buildSettings = {
				CODE_SIGN_STYLE = Automatic;
				PRODUCT_NAME = "$(TARGET_NAME)";
			};
			name = Release;
		};
		333929CC2B47A659004B4644 /* Debug */ = {
			isa = XCBuildConfiguration;
			buildSettings = {
				CODE_SIGN_STYLE = Automatic;
				PRODUCT_NAME = "$(TARGET_NAME)";
			};
			name = Debug;
		};
		333929CD2B47A659004B4644 /* Release */ = {
			isa = XCBuildConfiguration;
			buildSettings = {
				CODE_SIGN_STYLE = Automatic;
				PRODUCT_NAME = "$(TARGET_NAME)";
			};
			name = Release;
		};
/* End XCBuildConfiguration section */

/* Begin XCConfigurationList section */
		333929882B47A334004B4644 /* Build configuration list for PBXProject "05_String" */ = {
			isa = XCConfigurationList;
			buildConfigurations = (
				333929922B47A334004B4644 /* Debug */,
				333929932B47A334004B4644 /* Release */,
			);
			defaultConfigurationIsVisible = 0;
			defaultConfigurationName = Release;
		};
		3339299F2B47A342004B4644 /* Build configuration list for PBXNativeTarget "05_27866" */ = {
			isa = XCConfigurationList;
			buildConfigurations = (
				333929A02B47A342004B4644 /* Debug */,
				333929A12B47A342004B4644 /* Release */,
			);
			defaultConfigurationIsVisible = 0;
			defaultConfigurationName = Release;
		};
		333929AA2B47A481004B4644 /* Build configuration list for PBXNativeTarget "05_2743" */ = {
			isa = XCConfigurationList;
			buildConfigurations = (
				333929AB2B47A481004B4644 /* Debug */,
				333929AC2B47A481004B4644 /* Release */,
			);
			defaultConfigurationIsVisible = 0;
			defaultConfigurationName = Release;
		};
		333929B52B47A508004B4644 /* Build configuration list for PBXNativeTarget "05_9086" */ = {
			isa = XCConfigurationList;
			buildConfigurations = (
				333929B62B47A508004B4644 /* Debug */,
				333929B72B47A508004B4644 /* Release */,
			);
			defaultConfigurationIsVisible = 0;
			defaultConfigurationName = Release;
		};
		333929C02B47A5C7004B4644 /* Build configuration list for PBXNativeTarget "05_11654" */ = {
			isa = XCConfigurationList;
			buildConfigurations = (
				333929C12B47A5C7004B4644 /* Debug */,
				333929C22B47A5C7004B4644 /* Release */,
			);
			defaultConfigurationIsVisible = 0;
			defaultConfigurationName = Release;
		};
		333929CB2B47A659004B4644 /* Build configuration list for PBXNativeTarget "05_11720" */ = {
			isa = XCConfigurationList;
			buildConfigurations = (
				333929CC2B47A659004B4644 /* Debug */,
				333929CD2B47A659004B4644 /* Release */,
			);
			defaultConfigurationIsVisible = 0;
			defaultConfigurationName = Release;
		};
/* End XCConfigurationList section */
	};
	rootObject = 333929852B47A334004B4644 /* Project object */;
}
