// !$*UTF8*$!
{
	archiveVersion = 1;
	classes = {
	};
	objectVersion = 56;
	objects = {

/* Begin PBXBuildFile section */
		33F885B92B48101E0025F5DF /* main.cpp in Sources */ = {isa = PBXBuildFile; fileRef = 33F885B82B48101E0025F5DF /* main.cpp */; };
		33F885C42B4812B00025F5DF /* main.cpp in Sources */ = {isa = PBXBuildFile; fileRef = 33F885C32B4812B00025F5DF /* main.cpp */; };
		33F885CF2B4813CC0025F5DF /* main.cpp in Sources */ = {isa = PBXBuildFile; fileRef = 33F885CE2B4813CC0025F5DF /* main.cpp */; };
/* End PBXBuildFile section */

/* Begin PBXCopyFilesBuildPhase section */
		33F885B42B48101E0025F5DF /* CopyFiles */ = {
			isa = PBXCopyFilesBuildPhase;
			buildActionMask = 2147483647;
			dstPath = /usr/share/man/man1/;
			dstSubfolderSpec = 0;
			files = (
			);
			runOnlyForDeploymentPostprocessing = 1;
		};
		33F885BF2B4812B00025F5DF /* CopyFiles */ = {
			isa = PBXCopyFilesBuildPhase;
			buildActionMask = 2147483647;
			dstPath = /usr/share/man/man1/;
			dstSubfolderSpec = 0;
			files = (
			);
			runOnlyForDeploymentPostprocessing = 1;
		};
		33F885CA2B4813CC0025F5DF /* CopyFiles */ = {
			isa = PBXCopyFilesBuildPhase;
			buildActionMask = 2147483647;
			dstPath = /usr/share/man/man1/;
			dstSubfolderSpec = 0;
			files = (
			);
			runOnlyForDeploymentPostprocessing = 1;
		};
/* End PBXCopyFilesBuildPhase section */

/* Begin PBXFileReference section */
		33F885B62B48101E0025F5DF /* 07_2738 */ = {isa = PBXFileReference; explicitFileType = "compiled.mach-o.executable"; includeInIndex = 0; path = 07_2738; sourceTree = BUILT_PRODUCTS_DIR; };
		33F885B82B48101E0025F5DF /* main.cpp */ = {isa = PBXFileReference; lastKnownFileType = sourcecode.cpp.cpp; path = main.cpp; sourceTree = "<group>"; };
		33F885C12B4812B00025F5DF /* 07_2566 */ = {isa = PBXFileReference; explicitFileType = "compiled.mach-o.executable"; includeInIndex = 0; path = 07_2566; sourceTree = BUILT_PRODUCTS_DIR; };
		33F885C32B4812B00025F5DF /* main.cpp */ = {isa = PBXFileReference; lastKnownFileType = sourcecode.cpp.cpp; path = main.cpp; sourceTree = "<group>"; };
		33F885CC2B4813CC0025F5DF /* 07_10798 */ = {isa = PBXFileReference; explicitFileType = "compiled.mach-o.executable"; includeInIndex = 0; path = 07_10798; sourceTree = BUILT_PRODUCTS_DIR; };
		33F885CE2B4813CC0025F5DF /* main.cpp */ = {isa = PBXFileReference; lastKnownFileType = sourcecode.cpp.cpp; path = main.cpp; sourceTree = "<group>"; };
/* End PBXFileReference section */

/* Begin PBXFrameworksBuildPhase section */
		33F885B32B48101E0025F5DF /* Frameworks */ = {
			isa = PBXFrameworksBuildPhase;
			buildActionMask = 2147483647;
			files = (
			);
			runOnlyForDeploymentPostprocessing = 0;
		};
		33F885BE2B4812B00025F5DF /* Frameworks */ = {
			isa = PBXFrameworksBuildPhase;
			buildActionMask = 2147483647;
			files = (
			);
			runOnlyForDeploymentPostprocessing = 0;
		};
		33F885C92B4813CC0025F5DF /* Frameworks */ = {
			isa = PBXFrameworksBuildPhase;
			buildActionMask = 2147483647;
			files = (
			);
			runOnlyForDeploymentPostprocessing = 0;
		};
/* End PBXFrameworksBuildPhase section */

/* Begin PBXGroup section */
		33F8859F2B4810090025F5DF = {
			isa = PBXGroup;
			children = (
				33F885B72B48101E0025F5DF /* 07_2738 */,
				33F885C22B4812B00025F5DF /* 07_2566 */,
				33F885CD2B4813CC0025F5DF /* 07_10798 */,
				33F885A92B48100A0025F5DF /* Products */,
			);
			sourceTree = "<group>";
		};
		33F885A92B48100A0025F5DF /* Products */ = {
			isa = PBXGroup;
			children = (
				33F885B62B48101E0025F5DF /* 07_2738 */,
				33F885C12B4812B00025F5DF /* 07_2566 */,
				33F885CC2B4813CC0025F5DF /* 07_10798 */,
			);
			name = Products;
			sourceTree = "<group>";
		};
		33F885B72B48101E0025F5DF /* 07_2738 */ = {
			isa = PBXGroup;
			children = (
				33F885B82B48101E0025F5DF /* main.cpp */,
			);
			path = 07_2738;
			sourceTree = "<group>";
		};
		33F885C22B4812B00025F5DF /* 07_2566 */ = {
			isa = PBXGroup;
			children = (
				33F885C32B4812B00025F5DF /* main.cpp */,
			);
			path = 07_2566;
			sourceTree = "<group>";
		};
		33F885CD2B4813CC0025F5DF /* 07_10798 */ = {
			isa = PBXGroup;
			children = (
				33F885CE2B4813CC0025F5DF /* main.cpp */,
			);
			path = 07_10798;
			sourceTree = "<group>";
		};
/* End PBXGroup section */

/* Begin PBXNativeTarget section */
		33F885B52B48101E0025F5DF /* 07_2738 */ = {
			isa = PBXNativeTarget;
			buildConfigurationList = 33F885BA2B48101E0025F5DF /* Build configuration list for PBXNativeTarget "07_2738" */;
			buildPhases = (
				33F885B22B48101E0025F5DF /* Sources */,
				33F885B32B48101E0025F5DF /* Frameworks */,
				33F885B42B48101E0025F5DF /* CopyFiles */,
			);
			buildRules = (
			);
			dependencies = (
			);
			name = 07_2738;
			productName = 07_2738;
			productReference = 33F885B62B48101E0025F5DF /* 07_2738 */;
			productType = "com.apple.product-type.tool";
		};
		33F885C02B4812B00025F5DF /* 07_2566 */ = {
			isa = PBXNativeTarget;
			buildConfigurationList = 33F885C52B4812B00025F5DF /* Build configuration list for PBXNativeTarget "07_2566" */;
			buildPhases = (
				33F885BD2B4812B00025F5DF /* Sources */,
				33F885BE2B4812B00025F5DF /* Frameworks */,
				33F885BF2B4812B00025F5DF /* CopyFiles */,
			);
			buildRules = (
			);
			dependencies = (
			);
			name = 07_2566;
			productName = 07_2566;
			productReference = 33F885C12B4812B00025F5DF /* 07_2566 */;
			productType = "com.apple.product-type.tool";
		};
		33F885CB2B4813CC0025F5DF /* 07_10798 */ = {
			isa = PBXNativeTarget;
			buildConfigurationList = 33F885D02B4813CC0025F5DF /* Build configuration list for PBXNativeTarget "07_10798" */;
			buildPhases = (
				33F885C82B4813CC0025F5DF /* Sources */,
				33F885C92B4813CC0025F5DF /* Frameworks */,
				33F885CA2B4813CC0025F5DF /* CopyFiles */,
			);
			buildRules = (
			);
			dependencies = (
			);
			name = 07_10798;
			productName = 07_10798;
			productReference = 33F885CC2B4813CC0025F5DF /* 07_10798 */;
			productType = "com.apple.product-type.tool";
		};
/* End PBXNativeTarget section */

/* Begin PBXProject section */
		33F885A02B4810090025F5DF /* Project object */ = {
			isa = PBXProject;
			attributes = {
				BuildIndependentTargetsInParallel = 1;
				LastUpgradeCheck = 1510;
				TargetAttributes = {
					33F885B52B48101E0025F5DF = {
						CreatedOnToolsVersion = 15.1;
					};
					33F885C02B4812B00025F5DF = {
						CreatedOnToolsVersion = 15.1;
					};
					33F885CB2B4813CC0025F5DF = {
						CreatedOnToolsVersion = 15.1;
					};
				};
			};
			buildConfigurationList = 33F885A32B4810090025F5DF /* Build configuration list for PBXProject "07_2DArray" */;
			compatibilityVersion = "Xcode 14.0";
			developmentRegion = en;
			hasScannedForEncodings = 0;
			knownRegions = (
				en,
				Base,
			);
			mainGroup = 33F8859F2B4810090025F5DF;
			productRefGroup = 33F885A92B48100A0025F5DF /* Products */;
			projectDirPath = "";
			projectRoot = "";
			targets = (
				33F885B52B48101E0025F5DF /* 07_2738 */,
				33F885C02B4812B00025F5DF /* 07_2566 */,
				33F885CB2B4813CC0025F5DF /* 07_10798 */,
			);
		};
/* End PBXProject section */

/* Begin PBXSourcesBuildPhase section */
		33F885B22B48101E0025F5DF /* Sources */ = {
			isa = PBXSourcesBuildPhase;
			buildActionMask = 2147483647;
			files = (
				33F885B92B48101E0025F5DF /* main.cpp in Sources */,
			);
			runOnlyForDeploymentPostprocessing = 0;
		};
		33F885BD2B4812B00025F5DF /* Sources */ = {
			isa = PBXSourcesBuildPhase;
			buildActionMask = 2147483647;
			files = (
				33F885C42B4812B00025F5DF /* main.cpp in Sources */,
			);
			runOnlyForDeploymentPostprocessing = 0;
		};
		33F885C82B4813CC0025F5DF /* Sources */ = {
			isa = PBXSourcesBuildPhase;
			buildActionMask = 2147483647;
			files = (
				33F885CF2B4813CC0025F5DF /* main.cpp in Sources */,
			);
			runOnlyForDeploymentPostprocessing = 0;
		};
/* End PBXSourcesBuildPhase section */

/* Begin XCBuildConfiguration section */
		33F885AD2B48100A0025F5DF /* Debug */ = {
			isa = XCBuildConfiguration;
			buildSettings = {
				ALWAYS_SEARCH_USER_PATHS = NO;
				ASSETCATALOG_COMPILER_GENERATE_SWIFT_ASSET_SYMBOL_EXTENSIONS = YES;
				CLANG_ANALYZER_NONNULL = YES;
				CLANG_ANALYZER_NUMBER_OBJECT_CONVERSION = YES_AGGRESSIVE;
				CLANG_CXX_LANGUAGE_STANDARD = "gnu++20";
				CLANG_ENABLE_MODULES = YES;
				CLANG_ENABLE_OBJC_ARC = YES;
				CLANG_ENABLE_OBJC_WEAK = YES;
				CLANG_WARN_BLOCK_CAPTURE_AUTORELEASING = YES;
				CLANG_WARN_BOOL_CONVERSION = YES;
				CLANG_WARN_COMMA = YES;
				CLANG_WARN_CONSTANT_CONVERSION = YES;
				CLANG_WARN_DEPRECATED_OBJC_IMPLEMENTATIONS = YES;
				CLANG_WARN_DIRECT_OBJC_ISA_USAGE = YES_ERROR;
				CLANG_WARN_DOCUMENTATION_COMMENTS = YES;
				CLANG_WARN_EMPTY_BODY = YES;
				CLANG_WARN_ENUM_CONVERSION = YES;
				CLANG_WARN_INFINITE_RECURSION = YES;
				CLANG_WARN_INT_CONVERSION = YES;
				CLANG_WARN_NON_LITERAL_NULL_CONVERSION = YES;
				CLANG_WARN_OBJC_IMPLICIT_RETAIN_SELF = YES;
				CLANG_WARN_OBJC_LITERAL_CONVERSION = YES;
				CLANG_WARN_OBJC_ROOT_CLASS = YES_ERROR;
				CLANG_WARN_QUOTED_INCLUDE_IN_FRAMEWORK_HEADER = YES;
				CLANG_WARN_RANGE_LOOP_ANALYSIS = YES;
				CLANG_WARN_STRICT_PROTOTYPES = YES;
				CLANG_WARN_SUSPICIOUS_MOVE = YES;
				CLANG_WARN_UNGUARDED_AVAILABILITY = YES_AGGRESSIVE;
				CLANG_WARN_UNREACHABLE_CODE = YES;
				CLANG_WARN__DUPLICATE_METHOD_MATCH = YES;
				COPY_PHASE_STRIP = NO;
				DEBUG_INFORMATION_FORMAT = dwarf;
				ENABLE_STRICT_OBJC_MSGSEND = YES;
				ENABLE_TESTABILITY = YES;
				ENABLE_USER_SCRIPT_SANDBOXING = YES;
				GCC_C_LANGUAGE_STANDARD = gnu17;
				GCC_DYNAMIC_NO_PIC = NO;
				GCC_NO_COMMON_BLOCKS = YES;
				GCC_OPTIMIZATION_LEVEL = 0;
				GCC_PREPROCESSOR_DEFINITIONS = (
					"DEBUG=1",
					"$(inherited)",
				);
				GCC_WARN_64_TO_32_BIT_CONVERSION = YES;
				GCC_WARN_ABOUT_RETURN_TYPE = YES_ERROR;
				GCC_WARN_UNDECLARED_SELECTOR = YES;
				GCC_WARN_UNINITIALIZED_AUTOS = YES_AGGRESSIVE;
				GCC_WARN_UNUSED_FUNCTION = YES;
				GCC_WARN_UNUSED_VARIABLE = YES;
				LOCALIZATION_PREFERS_STRING_CATALOGS = YES;
				MACOSX_DEPLOYMENT_TARGET = 14.2;
				MTL_ENABLE_DEBUG_INFO = INCLUDE_SOURCE;
				MTL_FAST_MATH = YES;
				ONLY_ACTIVE_ARCH = YES;
				SDKROOT = macosx;
			};
			name = Debug;
		};
		33F885AE2B48100A0025F5DF /* Release */ = {
			isa = XCBuildConfiguration;
			buildSettings = {
				ALWAYS_SEARCH_USER_PATHS = NO;
				ASSETCATALOG_COMPILER_GENERATE_SWIFT_ASSET_SYMBOL_EXTENSIONS = YES;
				CLANG_ANALYZER_NONNULL = YES;
				CLANG_ANALYZER_NUMBER_OBJECT_CONVERSION = YES_AGGRESSIVE;
				CLANG_CXX_LANGUAGE_STANDARD = "gnu++20";
				CLANG_ENABLE_MODULES = YES;
				CLANG_ENABLE_OBJC_ARC = YES;
				CLANG_ENABLE_OBJC_WEAK = YES;
				CLANG_WARN_BLOCK_CAPTURE_AUTORELEASING = YES;
				CLANG_WARN_BOOL_CONVERSION = YES;
				CLANG_WARN_COMMA = YES;
				CLANG_WARN_CONSTANT_CONVERSION = YES;
				CLANG_WARN_DEPRECATED_OBJC_IMPLEMENTATIONS = YES;
				CLANG_WARN_DIRECT_OBJC_ISA_USAGE = YES_ERROR;
				CLANG_WARN_DOCUMENTATION_COMMENTS = YES;
				CLANG_WARN_EMPTY_BODY = YES;
				CLANG_WARN_ENUM_CONVERSION = YES;
				CLANG_WARN_INFINITE_RECURSION = YES;
				CLANG_WARN_INT_CONVERSION = YES;
				CLANG_WARN_NON_LITERAL_NULL_CONVERSION = YES;
				CLANG_WARN_OBJC_IMPLICIT_RETAIN_SELF = YES;
				CLANG_WARN_OBJC_LITERAL_CONVERSION = YES;
				CLANG_WARN_OBJC_ROOT_CLASS = YES_ERROR;
				CLANG_WARN_QUOTED_INCLUDE_IN_FRAMEWORK_HEADER = YES;
				CLANG_WARN_RANGE_LOOP_ANALYSIS = YES;
				CLANG_WARN_STRICT_PROTOTYPES = YES;
				CLANG_WARN_SUSPICIOUS_MOVE = YES;
				CLANG_WARN_UNGUARDED_AVAILABILITY = YES_AGGRESSIVE;
				CLANG_WARN_UNREACHABLE_CODE = YES;
				CLANG_WARN__DUPLICATE_METHOD_MATCH = YES;
				COPY_PHASE_STRIP = NO;
				DEBUG_INFORMATION_FORMAT = "dwarf-with-dsym";
				ENABLE_NS_ASSERTIONS = NO;
				ENABLE_STRICT_OBJC_MSGSEND = YES;
				ENABLE_USER_SCRIPT_SANDBOXING = YES;
				GCC_C_LANGUAGE_STANDARD = gnu17;
				GCC_NO_COMMON_BLOCKS = YES;
				GCC_WARN_64_TO_32_BIT_CONVERSION = YES;
				GCC_WARN_ABOUT_RETURN_TYPE = YES_ERROR;
				GCC_WARN_UNDECLARED_SELECTOR = YES;
				GCC_WARN_UNINITIALIZED_AUTOS = YES_AGGRESSIVE;
				GCC_WARN_UNUSED_FUNCTION = YES;
				GCC_WARN_UNUSED_VARIABLE = YES;
				LOCALIZATION_PREFERS_STRING_CATALOGS = YES;
				MACOSX_DEPLOYMENT_TARGET = 14.2;
				MTL_ENABLE_DEBUG_INFO = NO;
				MTL_FAST_MATH = YES;
				SDKROOT = macosx;
			};
			name = Release;
		};
		33F885BB2B48101E0025F5DF /* Debug */ = {
			isa = XCBuildConfiguration;
			buildSettings = {
				CODE_SIGN_STYLE = Automatic;
				PRODUCT_NAME = "$(TARGET_NAME)";
			};
			name = Debug;
		};
		33F885BC2B48101E0025F5DF /* Release */ = {
			isa = XCBuildConfiguration;
			buildSettings = {
				CODE_SIGN_STYLE = Automatic;
				PRODUCT_NAME = "$(TARGET_NAME)";
			};
			name = Release;
		};
		33F885C62B4812B00025F5DF /* Debug */ = {
			isa = XCBuildConfiguration;
			buildSettings = {
				CODE_SIGN_STYLE = Automatic;
				PRODUCT_NAME = "$(TARGET_NAME)";
			};
			name = Debug;
		};
		33F885C72B4812B00025F5DF /* Release */ = {
			isa = XCBuildConfiguration;
			buildSettings = {
				CODE_SIGN_STYLE = Automatic;
				PRODUCT_NAME = "$(TARGET_NAME)";
			};
			name = Release;
		};
		33F885D12B4813CC0025F5DF /* Debug */ = {
			isa = XCBuildConfiguration;
			buildSettings = {
				CODE_SIGN_STYLE = Automatic;
				PRODUCT_NAME = "$(TARGET_NAME)";
			};
			name = Debug;
		};
		33F885D22B4813CC0025F5DF /* Release */ = {
			isa = XCBuildConfiguration;
			buildSettings = {
				CODE_SIGN_STYLE = Automatic;
				PRODUCT_NAME = "$(TARGET_NAME)";
			};
			name = Release;
		};
/* End XCBuildConfiguration section */

/* Begin XCConfigurationList section */
		33F885A32B4810090025F5DF /* Build configuration list for PBXProject "07_2DArray" */ = {
			isa = XCConfigurationList;
			buildConfigurations = (
				33F885AD2B48100A0025F5DF /* Debug */,
				33F885AE2B48100A0025F5DF /* Release */,
			);
			defaultConfigurationIsVisible = 0;
			defaultConfigurationName = Release;
		};
		33F885BA2B48101E0025F5DF /* Build configuration list for PBXNativeTarget "07_2738" */ = {
			isa = XCConfigurationList;
			buildConfigurations = (
				33F885BB2B48101E0025F5DF /* Debug */,
				33F885BC2B48101E0025F5DF /* Release */,
			);
			defaultConfigurationIsVisible = 0;
			defaultConfigurationName = Release;
		};
		33F885C52B4812B00025F5DF /* Build configuration list for PBXNativeTarget "07_2566" */ = {
			isa = XCConfigurationList;
			buildConfigurations = (
				33F885C62B4812B00025F5DF /* Debug */,
				33F885C72B4812B00025F5DF /* Release */,
			);
			defaultConfigurationIsVisible = 0;
			defaultConfigurationName = Release;
		};
		33F885D02B4813CC0025F5DF /* Build configuration list for PBXNativeTarget "07_10798" */ = {
			isa = XCConfigurationList;
			buildConfigurations = (
				33F885D12B4813CC0025F5DF /* Debug */,
				33F885D22B4813CC0025F5DF /* Release */,
			);
			defaultConfigurationIsVisible = 0;
			defaultConfigurationName = Release;
		};
/* End XCConfigurationList section */
	};
	rootObject = 33F885A02B4810090025F5DF /* Project object */;
}
