// !$*UTF8*$!
{
	archiveVersion = 1;
	classes = {
	};
	objectVersion = 56;
	objects = {

/* Begin PBXBuildFile section */
		33F886582B4931EF0025F5DF /* main.cpp in Sources */ = {isa = PBXBuildFile; fileRef = 33F886572B4931EF0025F5DF /* main.cpp */; };
		33F886632B4933580025F5DF /* main.cpp in Sources */ = {isa = PBXBuildFile; fileRef = 33F886622B4933580025F5DF /* main.cpp */; };
		33F8866E2B4935BC0025F5DF /* main.cpp in Sources */ = {isa = PBXBuildFile; fileRef = 33F8866D2B4935BC0025F5DF /* main.cpp */; };
/* End PBXBuildFile section */

/* Begin PBXCopyFilesBuildPhase section */
		33F886532B4931EF0025F5DF /* CopyFiles */ = {
			isa = PBXCopyFilesBuildPhase;
			buildActionMask = 2147483647;
			dstPath = /usr/share/man/man1/;
			dstSubfolderSpec = 0;
			files = (
			);
			runOnlyForDeploymentPostprocessing = 1;
		};
		33F8865E2B4933580025F5DF /* CopyFiles */ = {
			isa = PBXCopyFilesBuildPhase;
			buildActionMask = 2147483647;
			dstPath = /usr/share/man/man1/;
			dstSubfolderSpec = 0;
			files = (
			);
			runOnlyForDeploymentPostprocessing = 1;
		};
		33F886692B4935BC0025F5DF /* CopyFiles */ = {
			isa = PBXCopyFilesBuildPhase;
			buildActionMask = 2147483647;
			dstPath = /usr/share/man/man1/;
			dstSubfolderSpec = 0;
			files = (
			);
			runOnlyForDeploymentPostprocessing = 1;
		};
/* End PBXCopyFilesBuildPhase section */

/* Begin PBXFileReference section */
		33F886552B4931EF0025F5DF /* 09_5086 */ = {isa = PBXFileReference; explicitFileType = "compiled.mach-o.executable"; includeInIndex = 0; path = 09_5086; sourceTree = BUILT_PRODUCTS_DIR; };
		33F886572B4931EF0025F5DF /* main.cpp */ = {isa = PBXFileReference; lastKnownFileType = sourcecode.cpp.cpp; path = main.cpp; sourceTree = "<group>"; };
		33F886602B4933580025F5DF /* 09_2501 */ = {isa = PBXFileReference; explicitFileType = "compiled.mach-o.executable"; includeInIndex = 0; path = 09_2501; sourceTree = BUILT_PRODUCTS_DIR; };
		33F886622B4933580025F5DF /* main.cpp */ = {isa = PBXFileReference; lastKnownFileType = sourcecode.cpp.cpp; path = main.cpp; sourceTree = "<group>"; };
		33F8866B2B4935BC0025F5DF /* 09_9506 */ = {isa = PBXFileReference; explicitFileType = "compiled.mach-o.executable"; includeInIndex = 0; path = 09_9506; sourceTree = BUILT_PRODUCTS_DIR; };
		33F8866D2B4935BC0025F5DF /* main.cpp */ = {isa = PBXFileReference; lastKnownFileType = sourcecode.cpp.cpp; path = main.cpp; sourceTree = "<group>"; };
/* End PBXFileReference section */

/* Begin PBXFrameworksBuildPhase section */
		33F886522B4931EF0025F5DF /* Frameworks */ = {
			isa = PBXFrameworksBuildPhase;
			buildActionMask = 2147483647;
			files = (
			);
			runOnlyForDeploymentPostprocessing = 0;
		};
		33F8865D2B4933580025F5DF /* Frameworks */ = {
			isa = PBXFrameworksBuildPhase;
			buildActionMask = 2147483647;
			files = (
			);
			runOnlyForDeploymentPostprocessing = 0;
		};
		33F886682B4935BC0025F5DF /* Frameworks */ = {
			isa = PBXFrameworksBuildPhase;
			buildActionMask = 2147483647;
			files = (
			);
			runOnlyForDeploymentPostprocessing = 0;
		};
/* End PBXFrameworksBuildPhase section */

/* Begin PBXGroup section */
		33F8863E2B4931DE0025F5DF = {
			isa = PBXGroup;
			children = (
				33F886562B4931EF0025F5DF /* 09_5086 */,
				33F886612B4933580025F5DF /* 09_2501 */,
				33F8866C2B4935BC0025F5DF /* 09_9506 */,
				33F886482B4931DE0025F5DF /* Products */,
			);
			sourceTree = "<group>";
		};
		33F886482B4931DE0025F5DF /* Products */ = {
			isa = PBXGroup;
			children = (
				33F886552B4931EF0025F5DF /* 09_5086 */,
				33F886602B4933580025F5DF /* 09_2501 */,
				33F8866B2B4935BC0025F5DF /* 09_9506 */,
			);
			name = Products;
			sourceTree = "<group>";
		};
		33F886562B4931EF0025F5DF /* 09_5086 */ = {
			isa = PBXGroup;
			children = (
				33F886572B4931EF0025F5DF /* main.cpp */,
			);
			path = 09_5086;
			sourceTree = "<group>";
		};
		33F886612B4933580025F5DF /* 09_2501 */ = {
			isa = PBXGroup;
			children = (
				33F886622B4933580025F5DF /* main.cpp */,
			);
			path = 09_2501;
			sourceTree = "<group>";
		};
		33F8866C2B4935BC0025F5DF /* 09_9506 */ = {
			isa = PBXGroup;
			children = (
				33F8866D2B4935BC0025F5DF /* main.cpp */,
			);
			path = 09_9506;
			sourceTree = "<group>";
		};
/* End PBXGroup section */

/* Begin PBXNativeTarget section */
		33F886542B4931EF0025F5DF /* 09_5086 */ = {
			isa = PBXNativeTarget;
			buildConfigurationList = 33F886592B4931EF0025F5DF /* Build configuration list for PBXNativeTarget "09_5086" */;
			buildPhases = (
				33F886512B4931EF0025F5DF /* Sources */,
				33F886522B4931EF0025F5DF /* Frameworks */,
				33F886532B4931EF0025F5DF /* CopyFiles */,
			);
			buildRules = (
			);
			dependencies = (
			);
			name = 09_5086;
			productName = 09_5086;
			productReference = 33F886552B4931EF0025F5DF /* 09_5086 */;
			productType = "com.apple.product-type.tool";
		};
		33F8865F2B4933580025F5DF /* 09_2501 */ = {
			isa = PBXNativeTarget;
			buildConfigurationList = 33F886642B4933580025F5DF /* Build configuration list for PBXNativeTarget "09_2501" */;
			buildPhases = (
				33F8865C2B4933580025F5DF /* Sources */,
				33F8865D2B4933580025F5DF /* Frameworks */,
				33F8865E2B4933580025F5DF /* CopyFiles */,
			);
			buildRules = (
			);
			dependencies = (
			);
			name = 09_2501;
			productName = 09_2501;
			productReference = 33F886602B4933580025F5DF /* 09_2501 */;
			productType = "com.apple.product-type.tool";
		};
		33F8866A2B4935BC0025F5DF /* 09_9506 */ = {
			isa = PBXNativeTarget;
			buildConfigurationList = 33F8866F2B4935BC0025F5DF /* Build configuration list for PBXNativeTarget "09_9506" */;
			buildPhases = (
				33F886672B4935BC0025F5DF /* Sources */,
				33F886682B4935BC0025F5DF /* Frameworks */,
				33F886692B4935BC0025F5DF /* CopyFiles */,
			);
			buildRules = (
			);
			dependencies = (
			);
			name = 09_9506;
			productName = 09_9506;
			productReference = 33F8866B2B4935BC0025F5DF /* 09_9506 */;
			productType = "com.apple.product-type.tool";
		};
/* End PBXNativeTarget section */

/* Begin PBXProject section */
		33F8863F2B4931DE0025F5DF /* Project object */ = {
			isa = PBXProject;
			attributes = {
				BuildIndependentTargetsInParallel = 1;
				LastUpgradeCheck = 1510;
				TargetAttributes = {
					33F886542B4931EF0025F5DF = {
						CreatedOnToolsVersion = 15.1;
					};
					33F8865F2B4933580025F5DF = {
						CreatedOnToolsVersion = 15.1;
					};
					33F8866A2B4935BC0025F5DF = {
						CreatedOnToolsVersion = 15.1;
					};
				};
			};
			buildConfigurationList = 33F886422B4931DE0025F5DF /* Build configuration list for PBXProject "09_Divisor-Multiple-Prime" */;
			compatibilityVersion = "Xcode 14.0";
			developmentRegion = en;
			hasScannedForEncodings = 0;
			knownRegions = (
				en,
				Base,
			);
			mainGroup = 33F8863E2B4931DE0025F5DF;
			productRefGroup = 33F886482B4931DE0025F5DF /* Products */;
			projectDirPath = "";
			projectRoot = "";
			targets = (
				33F886542B4931EF0025F5DF /* 09_5086 */,
				33F8865F2B4933580025F5DF /* 09_2501 */,
				33F8866A2B4935BC0025F5DF /* 09_9506 */,
			);
		};
/* End PBXProject section */

/* Begin PBXSourcesBuildPhase section */
		33F886512B4931EF0025F5DF /* Sources */ = {
			isa = PBXSourcesBuildPhase;
			buildActionMask = 2147483647;
			files = (
				33F886582B4931EF0025F5DF /* main.cpp in Sources */,
			);
			runOnlyForDeploymentPostprocessing = 0;
		};
		33F8865C2B4933580025F5DF /* Sources */ = {
			isa = PBXSourcesBuildPhase;
			buildActionMask = 2147483647;
			files = (
				33F886632B4933580025F5DF /* main.cpp in Sources */,
			);
			runOnlyForDeploymentPostprocessing = 0;
		};
		33F886672B4935BC0025F5DF /* Sources */ = {
			isa = PBXSourcesBuildPhase;
			buildActionMask = 2147483647;
			files = (
				33F8866E2B4935BC0025F5DF /* main.cpp in Sources */,
			);
			runOnlyForDeploymentPostprocessing = 0;
		};
/* End PBXSourcesBuildPhase section */

/* Begin XCBuildConfiguration section */
		33F8864C2B4931DE0025F5DF /* Debug */ = {
			isa = XCBuildConfiguration;
			buildSettings = {
				ALWAYS_SEARCH_USER_PATHS = NO;
				ASSETCATALOG_COMPILER_GENERATE_SWIFT_ASSET_SYMBOL_EXTENSIONS = YES;
				CLANG_ANALYZER_NONNULL = YES;
				CLANG_ANALYZER_NUMBER_OBJECT_CONVERSION = YES_AGGRESSIVE;
				CLANG_CXX_LANGUAGE_STANDARD = "gnu++20";
				CLANG_ENABLE_MODULES = YES;
				CLANG_ENABLE_OBJC_ARC = YES;
				CLANG_ENABLE_OBJC_WEAK = YES;
				CLANG_WARN_BLOCK_CAPTURE_AUTORELEASING = YES;
				CLANG_WARN_BOOL_CONVERSION = YES;
				CLANG_WARN_COMMA = YES;
				CLANG_WARN_CONSTANT_CONVERSION = YES;
				CLANG_WARN_DEPRECATED_OBJC_IMPLEMENTATIONS = YES;
				CLANG_WARN_DIRECT_OBJC_ISA_USAGE = YES_ERROR;
				CLANG_WARN_DOCUMENTATION_COMMENTS = YES;
				CLANG_WARN_EMPTY_BODY = YES;
				CLANG_WARN_ENUM_CONVERSION = YES;
				CLANG_WARN_INFINITE_RECURSION = YES;
				CLANG_WARN_INT_CONVERSION = YES;
				CLANG_WARN_NON_LITERAL_NULL_CONVERSION = YES;
				CLANG_WARN_OBJC_IMPLICIT_RETAIN_SELF = YES;
				CLANG_WARN_OBJC_LITERAL_CONVERSION = YES;
				CLANG_WARN_OBJC_ROOT_CLASS = YES_ERROR;
				CLANG_WARN_QUOTED_INCLUDE_IN_FRAMEWORK_HEADER = YES;
				CLANG_WARN_RANGE_LOOP_ANALYSIS = YES;
				CLANG_WARN_STRICT_PROTOTYPES = YES;
				CLANG_WARN_SUSPICIOUS_MOVE = YES;
				CLANG_WARN_UNGUARDED_AVAILABILITY = YES_AGGRESSIVE;
				CLANG_WARN_UNREACHABLE_CODE = YES;
				CLANG_WARN__DUPLICATE_METHOD_MATCH = YES;
				COPY_PHASE_STRIP = NO;
				DEBUG_INFORMATION_FORMAT = dwarf;
				ENABLE_STRICT_OBJC_MSGSEND = YES;
				ENABLE_TESTABILITY = YES;
				ENABLE_USER_SCRIPT_SANDBOXING = YES;
				GCC_C_LANGUAGE_STANDARD = gnu17;
				GCC_DYNAMIC_NO_PIC = NO;
				GCC_NO_COMMON_BLOCKS = YES;
				GCC_OPTIMIZATION_LEVEL = 0;
				GCC_PREPROCESSOR_DEFINITIONS = (
					"DEBUG=1",
					"$(inherited)",
				);
				GCC_WARN_64_TO_32_BIT_CONVERSION = YES;
				GCC_WARN_ABOUT_RETURN_TYPE = YES_ERROR;
				GCC_WARN_UNDECLARED_SELECTOR = YES;
				GCC_WARN_UNINITIALIZED_AUTOS = YES_AGGRESSIVE;
				GCC_WARN_UNUSED_FUNCTION = YES;
				GCC_WARN_UNUSED_VARIABLE = YES;
				LOCALIZATION_PREFERS_STRING_CATALOGS = YES;
				MACOSX_DEPLOYMENT_TARGET = 14.2;
				MTL_ENABLE_DEBUG_INFO = INCLUDE_SOURCE;
				MTL_FAST_MATH = YES;
				ONLY_ACTIVE_ARCH = YES;
				SDKROOT = macosx;
			};
			name = Debug;
		};
		33F8864D2B4931DE0025F5DF /* Release */ = {
			isa = XCBuildConfiguration;
			buildSettings = {
				ALWAYS_SEARCH_USER_PATHS = NO;
				ASSETCATALOG_COMPILER_GENERATE_SWIFT_ASSET_SYMBOL_EXTENSIONS = YES;
				CLANG_ANALYZER_NONNULL = YES;
				CLANG_ANALYZER_NUMBER_OBJECT_CONVERSION = YES_AGGRESSIVE;
				CLANG_CXX_LANGUAGE_STANDARD = "gnu++20";
				CLANG_ENABLE_MODULES = YES;
				CLANG_ENABLE_OBJC_ARC = YES;
				CLANG_ENABLE_OBJC_WEAK = YES;
				CLANG_WARN_BLOCK_CAPTURE_AUTORELEASING = YES;
				CLANG_WARN_BOOL_CONVERSION = YES;
				CLANG_WARN_COMMA = YES;
				CLANG_WARN_CONSTANT_CONVERSION = YES;
				CLANG_WARN_DEPRECATED_OBJC_IMPLEMENTATIONS = YES;
				CLANG_WARN_DIRECT_OBJC_ISA_USAGE = YES_ERROR;
				CLANG_WARN_DOCUMENTATION_COMMENTS = YES;
				CLANG_WARN_EMPTY_BODY = YES;
				CLANG_WARN_ENUM_CONVERSION = YES;
				CLANG_WARN_INFINITE_RECURSION = YES;
				CLANG_WARN_INT_CONVERSION = YES;
				CLANG_WARN_NON_LITERAL_NULL_CONVERSION = YES;
				CLANG_WARN_OBJC_IMPLICIT_RETAIN_SELF = YES;
				CLANG_WARN_OBJC_LITERAL_CONVERSION = YES;
				CLANG_WARN_OBJC_ROOT_CLASS = YES_ERROR;
				CLANG_WARN_QUOTED_INCLUDE_IN_FRAMEWORK_HEADER = YES;
				CLANG_WARN_RANGE_LOOP_ANALYSIS = YES;
				CLANG_WARN_STRICT_PROTOTYPES = YES;
				CLANG_WARN_SUSPICIOUS_MOVE = YES;
				CLANG_WARN_UNGUARDED_AVAILABILITY = YES_AGGRESSIVE;
				CLANG_WARN_UNREACHABLE_CODE = YES;
				CLANG_WARN__DUPLICATE_METHOD_MATCH = YES;
				COPY_PHASE_STRIP = NO;
				DEBUG_INFORMATION_FORMAT = "dwarf-with-dsym";
				ENABLE_NS_ASSERTIONS = NO;
				ENABLE_STRICT_OBJC_MSGSEND = YES;
				ENABLE_USER_SCRIPT_SANDBOXING = YES;
				GCC_C_LANGUAGE_STANDARD = gnu17;
				GCC_NO_COMMON_BLOCKS = YES;
				GCC_WARN_64_TO_32_BIT_CONVERSION = YES;
				GCC_WARN_ABOUT_RETURN_TYPE = YES_ERROR;
				GCC_WARN_UNDECLARED_SELECTOR = YES;
				GCC_WARN_UNINITIALIZED_AUTOS = YES_AGGRESSIVE;
				GCC_WARN_UNUSED_FUNCTION = YES;
				GCC_WARN_UNUSED_VARIABLE = YES;
				LOCALIZATION_PREFERS_STRING_CATALOGS = YES;
				MACOSX_DEPLOYMENT_TARGET = 14.2;
				MTL_ENABLE_DEBUG_INFO = NO;
				MTL_FAST_MATH = YES;
				SDKROOT = macosx;
			};
			name = Release;
		};
		33F8865A2B4931EF0025F5DF /* Debug */ = {
			isa = XCBuildConfiguration;
			buildSettings = {
				CODE_SIGN_STYLE = Automatic;
				PRODUCT_NAME = "$(TARGET_NAME)";
			};
			name = Debug;
		};
		33F8865B2B4931EF0025F5DF /* Release */ = {
			isa = XCBuildConfiguration;
			buildSettings = {
				CODE_SIGN_STYLE = Automatic;
				PRODUCT_NAME = "$(TARGET_NAME)";
			};
			name = Release;
		};
		33F886652B4933580025F5DF /* Debug */ = {
			isa = XCBuildConfiguration;
			buildSettings = {
				CODE_SIGN_STYLE = Automatic;
				PRODUCT_NAME = "$(TARGET_NAME)";
			};
			name = Debug;
		};
		33F886662B4933580025F5DF /* Release */ = {
			isa = XCBuildConfiguration;
			buildSettings = {
				CODE_SIGN_STYLE = Automatic;
				PRODUCT_NAME = "$(TARGET_NAME)";
			};
			name = Release;
		};
		33F886702B4935BC0025F5DF /* Debug */ = {
			isa = XCBuildConfiguration;
			buildSettings = {
				CODE_SIGN_STYLE = Automatic;
				PRODUCT_NAME = "$(TARGET_NAME)";
			};
			name = Debug;
		};
		33F886712B4935BC0025F5DF /* Release */ = {
			isa = XCBuildConfiguration;
			buildSettings = {
				CODE_SIGN_STYLE = Automatic;
				PRODUCT_NAME = "$(TARGET_NAME)";
			};
			name = Release;
		};
/* End XCBuildConfiguration section */

/* Begin XCConfigurationList section */
		33F886422B4931DE0025F5DF /* Build configuration list for PBXProject "09_Divisor-Multiple-Prime" */ = {
			isa = XCConfigurationList;
			buildConfigurations = (
				33F8864C2B4931DE0025F5DF /* Debug */,
				33F8864D2B4931DE0025F5DF /* Release */,
			);
			defaultConfigurationIsVisible = 0;
			defaultConfigurationName = Release;
		};
		33F886592B4931EF0025F5DF /* Build configuration list for PBXNativeTarget "09_5086" */ = {
			isa = XCConfigurationList;
			buildConfigurations = (
				33F8865A2B4931EF0025F5DF /* Debug */,
				33F8865B2B4931EF0025F5DF /* Release */,
			);
			defaultConfigurationIsVisible = 0;
			defaultConfigurationName = Release;
		};
		33F886642B4933580025F5DF /* Build configuration list for PBXNativeTarget "09_2501" */ = {
			isa = XCConfigurationList;
			buildConfigurations = (
				33F886652B4933580025F5DF /* Debug */,
				33F886662B4933580025F5DF /* Release */,
			);
			defaultConfigurationIsVisible = 0;
			defaultConfigurationName = Release;
		};
		33F8866F2B4935BC0025F5DF /* Build configuration list for PBXNativeTarget "09_9506" */ = {
			isa = XCConfigurationList;
			buildConfigurations = (
				33F886702B4935BC0025F5DF /* Debug */,
				33F886712B4935BC0025F5DF /* Release */,
			);
			defaultConfigurationIsVisible = 0;
			defaultConfigurationName = Release;
		};
/* End XCConfigurationList section */
	};
	rootObject = 33F8863F2B4931DE0025F5DF /* Project object */;
}
